PODS:
  - Down (0.3.1)
  - Highlightr (1.1.0)
  - Zip (0.6.0)

DEPENDENCIES:
  - Down
  - Highlightr
  - Zip (~> 0.6)

SPEC CHECKSUMS:
  Down: 30aa2131ad055d37802f1b52b8f0f7afe324a8aa
  Highlightr: 519911a0a9a040d76e591f6fe58bb5177c8bdaa3
  Zip: 805fc2fa9d2f05bbb7762d982d7a42ccdcc51f42

PODFILE CHECKSUM: 761f6f68a754296c7759f2999b86917f7080897d

COCOAPODS: 1.2.0
