// !$*UTF8*$!
{
	archiveVersion = 1;
	classes = {
	};
	objectVersion = 46;
	objects = {

/* Begin PBXBuildFile section */
		3A23ECA91E5C963600186360 /* DownloadViewController.swift in Sources */ = {isa = PBXBuildFile; fileRef = 3A23ECA81E5C963600186360 /* DownloadViewController.swift */; };
		3A36E42A1E7D570D00D77993 /* iCloud (PDFViewController) .swift in Sources */ = {isa = PBXBuildFile; fileRef = 3A36E4291E7D570D00D77993 /* iCloud (PDFViewController) .swift */; };
		3A3FAC8A1E5DCA06004075C1 /* MusicViewController.swift in Sources */ = {isa = PBXBuildFile; fileRef = 3A3FAC891E5DCA06004075C1 /* MusicViewController.swift */; };
		3A3FAC8C1E5E3007004075C1 /* Silence.mp3 in Resources */ = {isa = PBXBuildFile; fileRef = 3A3FAC8B1E5E3007004075C1 /* Silence.mp3 */; };
		3A3FAC8E1E5F175D004075C1 /* paste.png in Resources */ = {isa = PBXBuildFile; fileRef = 3A3FAC8D1E5F175D004075C1 /* paste.png */; };
		3A3FACAC1E5F5F34004075C1 /* zip.png in Resources */ = {isa = PBXBuildFile; fileRef = 3A3FACAB1E5F5F34004075C1 /* zip.png */; };
		3A4A34101E7DBC8C0015CB97 /* NotificationCenter.framework in Frameworks */ = {isa = PBXBuildFile; fileRef = 3A4A340F1E7DBC8C0015CB97 /* NotificationCenter.framework */; };
		3A4A34131E7DBC8C0015CB97 /* TodayViewController.swift in Sources */ = {isa = PBXBuildFile; fileRef = 3A4A34121E7DBC8C0015CB97 /* TodayViewController.swift */; };
		3A4A34161E7DBC8C0015CB97 /* MainInterface.storyboard in Resources */ = {isa = PBXBuildFile; fileRef = 3A4A34141E7DBC8C0015CB97 /* MainInterface.storyboard */; };
		3A4A341A1E7DBC8C0015CB97 /* Files.appex in Embed App Extensions */ = {isa = PBXBuildFile; fileRef = 3A4A340E1E7DBC8C0015CB97 /* Files.appex */; settings = {ATTRIBUTES = (RemoveHeadersOnCopy, ); }; };
		3A4A34221E7DC08B0015CB97 /* tableViewDataSource.swift in Sources */ = {isa = PBXBuildFile; fileRef = 3A4A34201E7DC08B0015CB97 /* tableViewDataSource.swift */; };
		3A4A34231E7DC08B0015CB97 /* tableViewDelegate.swift in Sources */ = {isa = PBXBuildFile; fileRef = 3A4A34211E7DC08B0015CB97 /* tableViewDelegate.swift */; };
		3A4A34261E7DF9FD0015CB97 /* Icons.xcassets in Resources */ = {isa = PBXBuildFile; fileRef = 3A4A34251E7DF9FD0015CB97 /* Icons.xcassets */; };
		3A683BC41E7DAE6E0020CFB7 /* icon.png in Resources */ = {isa = PBXBuildFile; fileRef = 3A683BC31E7DAE6E0020CFB7 /* icon.png */; };
		3A7203601E62521B00225ADE /* DocumentPickerViewController.swift in Sources */ = {isa = PBXBuildFile; fileRef = 3A72035F1E62521B00225ADE /* DocumentPickerViewController.swift */; };
		3A7203631E62521B00225ADE /* MainInterface.storyboard in Resources */ = {isa = PBXBuildFile; fileRef = 3A7203611E62521B00225ADE /* MainInterface.storyboard */; };
		3A72036E1E62521B00225ADE /* FileProvider.swift in Sources */ = {isa = PBXBuildFile; fileRef = 3A72036D1E62521B00225ADE /* FileProvider.swift */; };
		3A7203721E62521B00225ADE /* fastFiles documentsFileProvider.appex in Embed App Extensions */ = {isa = PBXBuildFile; fileRef = 3A7203691E62521B00225ADE /* fastFiles documentsFileProvider.appex */; settings = {ATTRIBUTES = (RemoveHeadersOnCopy, ); }; };
		3A7203751E62521B00225ADE /* fastFiles documents.appex in Embed App Extensions */ = {isa = PBXBuildFile; fileRef = 3A72035B1E62521A00225ADE /* fastFiles documents.appex */; settings = {ATTRIBUTES = (RemoveHeadersOnCopy, ); }; };
		3A780FEF1E76135B00145A57 /* SyntaxHighlighting.swift in Sources */ = {isa = PBXBuildFile; fileRef = 3A780FEE1E76135B00145A57 /* SyntaxHighlighting.swift */; };
		3A7B43911E5B7D56006814FA /* BrowserTableViewController.swift in Sources */ = {isa = PBXBuildFile; fileRef = 3A7B43901E5B7D56006814FA /* BrowserTableViewController.swift */; };
		3A7B43951E5BA8B4006814FA /* ImageViewController.swift in Sources */ = {isa = PBXBuildFile; fileRef = 3A7B43941E5BA8B3006814FA /* ImageViewController.swift */; };
		3A8CBBB71E6B0B6B00DFEAAE /* iTunesArtwork.png in Resources */ = {isa = PBXBuildFile; fileRef = 3A8CBBB61E6B0B6B00DFEAAE /* iTunesArtwork.png */; };
		3A9437D21E5CFB0000202F1D /* HTMLViewController.swift in Sources */ = {isa = PBXBuildFile; fileRef = 3A9437D11E5CFB0000202F1D /* HTMLViewController.swift */; };
		3A9437D41E5DC26E00202F1D /* MissingArtworkMusic.png in Resources */ = {isa = PBXBuildFile; fileRef = 3A9437D31E5DC26E00202F1D /* MissingArtworkMusic.png */; };
		3A99A2861E60F3E3001136AB /* PDFViewController.swift in Sources */ = {isa = PBXBuildFile; fileRef = 3A99A2851E60F3E3001136AB /* PDFViewController.swift */; };
		3AA0F7DD1E6A1CB800F5E13B /* AdSupport.framework in Frameworks */ = {isa = PBXBuildFile; fileRef = 3AA0F7DC1E6A1CB800F5E13B /* AdSupport.framework */; };
		3AA0F7E11E6A20BE00F5E13B /* GoogleMobileAds.framework in Frameworks */ = {isa = PBXBuildFile; fileRef = 3AA0F7E01E6A20BE00F5E13B /* GoogleMobileAds.framework */; };
		3AA0F7E31E6A211100F5E13B /* CoreTelephony.framework in Frameworks */ = {isa = PBXBuildFile; fileRef = 3AA0F7E21E6A211100F5E13B /* CoreTelephony.framework */; };
		3AA0F7E61E6A211900F5E13B /* EventKit.framework in Frameworks */ = {isa = PBXBuildFile; fileRef = 3AA0F7E41E6A211900F5E13B /* EventKit.framework */; };
		3AA0F7E71E6A211900F5E13B /* EventKitUI.framework in Frameworks */ = {isa = PBXBuildFile; fileRef = 3AA0F7E51E6A211900F5E13B /* EventKitUI.framework */; };
		3AA0F7E91E6A212E00F5E13B /* MessageUI.framework in Frameworks */ = {isa = PBXBuildFile; fileRef = 3AA0F7E81E6A212E00F5E13B /* MessageUI.framework */; };
		3AA0F7EB1E6A213F00F5E13B /* StoreKit.framework in Frameworks */ = {isa = PBXBuildFile; fileRef = 3AA0F7EA1E6A213F00F5E13B /* StoreKit.framework */; };
		3AA0F7ED1E6A214500F5E13B /* SystemConfiguration.framework in Frameworks */ = {isa = PBXBuildFile; fileRef = 3AA0F7EC1E6A214500F5E13B /* SystemConfiguration.framework */; };
		3AA0F7EF1E6A292E00F5E13B /* GoogleService-Info.plist in Resources */ = {isa = PBXBuildFile; fileRef = 3AA0F7EE1E6A292E00F5E13B /* GoogleService-Info.plist */; };
		3AA0F7F11E6A2A6700F5E13B /* Ad (BrowserTableViewController).swift in Sources */ = {isa = PBXBuildFile; fileRef = 3AA0F7F01E6A2A6700F5E13B /* Ad (BrowserTableViewController).swift */; };
		3AA0F7F51E6AFF7700F5E13B /* Instructions in Resources */ = {isa = PBXBuildFile; fileRef = 3AA0F7F41E6AFF7700F5E13B /* Instructions */; };
		3AA166F81E7EB5010080D35A /* IndexRequestHandler.swift in Sources */ = {isa = PBXBuildFile; fileRef = 3AA166F71E7EB5010080D35A /* IndexRequestHandler.swift */; };
		3AA166FC1E7EB5010080D35A /* fastFiles search.appex in Embed App Extensions */ = {isa = PBXBuildFile; fileRef = 3AA166F51E7EB5010080D35A /* fastFiles search.appex */; settings = {ATTRIBUTES = (RemoveHeadersOnCopy, ); }; };
		3AA167021E7EB73D0080D35A /* icons.xcassets in Resources */ = {isa = PBXBuildFile; fileRef = 3AA167011E7EB73D0080D35A /* icons.xcassets */; };
		3AA167041E7EBBB20080D35A /* Spotlight.swift in Sources */ = {isa = PBXBuildFile; fileRef = 3AA167031E7EBBB20080D35A /* Spotlight.swift */; };
		3AA167061E7EDF6C0080D35A /* 3DTouch.swift in Sources */ = {isa = PBXBuildFile; fileRef = 3AA167051E7EDF6C0080D35A /* 3DTouch.swift */; };
		3AA167081E7EE1DF0080D35A /* urlScheme.swift in Sources */ = {isa = PBXBuildFile; fileRef = 3AA167071E7EE1DF0080D35A /* urlScheme.swift */; };
		3AA1670A1E7EFFF20080D35A /* CodeToolBar.swift in Sources */ = {isa = PBXBuildFile; fileRef = 3AA167091E7EFFF20080D35A /* CodeToolBar.swift */; };
		3AA56A7D1E5BBFE40076317A /* TextViewController.swift in Sources */ = {isa = PBXBuildFile; fileRef = 3AA56A7C1E5BBFE40076317A /* TextViewController.swift */; };
		3AA9F55E1E7479B200A0EA14 /* iCloudSync.swift in Sources */ = {isa = PBXBuildFile; fileRef = 3AA9F55D1E7479B200A0EA14 /* iCloudSync.swift */; };
		3ACDC8BE1E6CC069007CBE9F /* UITextFieldDelegate.swift in Sources */ = {isa = PBXBuildFile; fileRef = 3ACDC8BD1E6CC069007CBE9F /* UITextFieldDelegate.swift */; };
		3ADE02631E5B6F2C00F0DB3A /* AppDelegate.swift in Sources */ = {isa = PBXBuildFile; fileRef = 3ADE02621E5B6F2C00F0DB3A /* AppDelegate.swift */; };
		3ADE02651E5B6F2C00F0DB3A /* ViewController.swift in Sources */ = {isa = PBXBuildFile; fileRef = 3ADE02641E5B6F2C00F0DB3A /* ViewController.swift */; };
		3ADE02681E5B6F2C00F0DB3A /* Main.storyboard in Resources */ = {isa = PBXBuildFile; fileRef = 3ADE02661E5B6F2C00F0DB3A /* Main.storyboard */; };
		3ADE026A1E5B6F2C00F0DB3A /* Assets.xcassets in Resources */ = {isa = PBXBuildFile; fileRef = 3ADE02691E5B6F2C00F0DB3A /* Assets.xcassets */; };
		3ADE026D1E5B6F2C00F0DB3A /* LaunchScreen.storyboard in Resources */ = {isa = PBXBuildFile; fileRef = 3ADE026B1E5B6F2C00F0DB3A /* LaunchScreen.storyboard */; };
		3ADE02771E5B76AD00F0DB3A /* Model.swift in Sources */ = {isa = PBXBuildFile; fileRef = 3ADE02761E5B76AD00F0DB3A /* Model.swift */; };
		3AE129EC1E77514500ADCE6A /* Licenses in Resources */ = {isa = PBXBuildFile; fileRef = 3AE129EB1E77514500ADCE6A /* Licenses */; };
		3AF361A01E630757000C735C /* tableViewDataSource.swift in Sources */ = {isa = PBXBuildFile; fileRef = 3AF3619F1E630757000C735C /* tableViewDataSource.swift */; };
		3AF361A21E63083E000C735C /* tableViewDelegate.swift in Sources */ = {isa = PBXBuildFile; fileRef = 3AF361A11E63083E000C735C /* tableViewDelegate.swift */; };
		3AF361A41E630FA1000C735C /* App.swift in Sources */ = {isa = PBXBuildFile; fileRef = 3AF361A31E630FA1000C735C /* App.swift */; };
		3AF361AD1E63361C000C735C /* Icons.xcassets in Resources */ = {isa = PBXBuildFile; fileRef = 3AF361AC1E63361C000C735C /* Icons.xcassets */; };
		3AF361B11E634AA6000C735C /* Functions.swift in Sources */ = {isa = PBXBuildFile; fileRef = 3AF361B01E634AA6000C735C /* Functions.swift */; };
		3AF361B31E634BE4000C735C /* moveToPublic.swift in Sources */ = {isa = PBXBuildFile; fileRef = 3AF361B21E634BE4000C735C /* moveToPublic.swift */; };
		3AF361B61E634C5B000C735C /* prepareForSegue (ViewController).swift in Sources */ = {isa = PBXBuildFile; fileRef = 3AF361B51E634C5B000C735C /* prepareForSegue (ViewController).swift */; };
		3AF361B81E634CBC000C735C /* viewDidLoad (ViewController).swift in Sources */ = {isa = PBXBuildFile; fileRef = 3AF361B71E634CBC000C735C /* viewDidLoad (ViewController).swift */; };
		3AF361BA1E634D03000C735C /* setNavBarStyle.swift in Sources */ = {isa = PBXBuildFile; fileRef = 3AF361B91E634D03000C735C /* setNavBarStyle.swift */; };
		3AF361BC1E634D5E000C735C /* getDeviceInfo.swift in Sources */ = {isa = PBXBuildFile; fileRef = 3AF361BB1E634D5E000C735C /* getDeviceInfo.swift */; };
		3AF361BF1E634E01000C735C /* DocumentPickerDelegate.swift in Sources */ = {isa = PBXBuildFile; fileRef = 3AF361BE1E634E01000C735C /* DocumentPickerDelegate.swift */; };
		3AF361C21E634E62000C735C /* UI.swift in Sources */ = {isa = PBXBuildFile; fileRef = 3AF361C11E634E62000C735C /* UI.swift */; };
		3AF361C41E635271000C735C /* ViewDid (BrowserTableViewController).swift in Sources */ = {isa = PBXBuildFile; fileRef = 3AF361C31E635271000C735C /* ViewDid (BrowserTableViewController).swift */; };
		3AF361C61E63545F000C735C /* Other functions.swift in Sources */ = {isa = PBXBuildFile; fileRef = 3AF361C51E63545F000C735C /* Other functions.swift */; };
		3AF361C91E6355B5000C735C /* ScrollViewDelegate.swift in Sources */ = {isa = PBXBuildFile; fileRef = 3AF361C81E6355B5000C735C /* ScrollViewDelegate.swift */; };
		3AF361CB1E635617000C735C /* viewDidLoad (ImageViewController).swift in Sources */ = {isa = PBXBuildFile; fileRef = 3AF361CA1E635617000C735C /* viewDidLoad (ImageViewController).swift */; };
		3AF361CD1E635685000C735C /* displayImage.swift in Sources */ = {isa = PBXBuildFile; fileRef = 3AF361CC1E635685000C735C /* displayImage.swift */; };
		3AF361D01E63574E000C735C /* viewDid (TextViewController).swift in Sources */ = {isa = PBXBuildFile; fileRef = 3AF361CF1E63574E000C735C /* viewDid (TextViewController).swift */; };
		3AF361D21E63579C000C735C /* displayText.swift in Sources */ = {isa = PBXBuildFile; fileRef = 3AF361D11E63579C000C735C /* displayText.swift */; };
		3AF361D41E63582E000C735C /* prepareForSegue (TextViewController).swift in Sources */ = {isa = PBXBuildFile; fileRef = 3AF361D31E63582E000C735C /* prepareForSegue (TextViewController).swift */; };
		3AF361D71E6358B9000C735C /* WebViewDelegate.swift in Sources */ = {isa = PBXBuildFile; fileRef = 3AF361D61E6358B9000C735C /* WebViewDelegate.swift */; };
		3AF361D91E635942000C735C /* viewDidLoad (HTMLViewController).swift in Sources */ = {isa = PBXBuildFile; fileRef = 3AF361D81E635942000C735C /* viewDidLoad (HTMLViewController).swift */; };
		3AF361DC1E6359F5000C735C /* ViewDid (MusicViewController).swift in Sources */ = {isa = PBXBuildFile; fileRef = 3AF361DB1E6359F5000C735C /* ViewDid (MusicViewController).swift */; };
		3AF361DE1E635AE3000C735C /* Controls.swift in Sources */ = {isa = PBXBuildFile; fileRef = 3AF361DD1E635AE3000C735C /* Controls.swift */; };
		3AF361E01E635D72000C735C /* getAudioInfo.swift in Sources */ = {isa = PBXBuildFile; fileRef = 3AF361DF1E635D72000C735C /* getAudioInfo.swift */; };
		3AF361E21E635F60000C735C /* Other functions (MusicViewController).swift in Sources */ = {isa = PBXBuildFile; fileRef = 3AF361E11E635F60000C735C /* Other functions (MusicViewController).swift */; };
		3AF361E41E636040000C735C /* prepareForSegue (BrowserTableViewController).swift in Sources */ = {isa = PBXBuildFile; fileRef = 3AF361E31E636040000C735C /* prepareForSegue (BrowserTableViewController).swift */; };
		3AF361E71E639052000C735C /* ScrollViewDelegate (PDFViewController).swift in Sources */ = {isa = PBXBuildFile; fileRef = 3AF361E61E639052000C735C /* ScrollViewDelegate (PDFViewController).swift */; };
		3AF361E91E63909B000C735C /* viewDid (PDFViewController).swift in Sources */ = {isa = PBXBuildFile; fileRef = 3AF361E81E63909B000C735C /* viewDid (PDFViewController).swift */; };
		3AF361ED1E639160000C735C /* viewDidLoad (DownloadViewController).swift in Sources */ = {isa = PBXBuildFile; fileRef = 3AF361EC1E639160000C735C /* viewDidLoad (DownloadViewController).swift */; };
		3AF361EF1E639237000C735C /* prepareForSegue (DownloadViewController).swift in Sources */ = {isa = PBXBuildFile; fileRef = 3AF361EE1E639237000C735C /* prepareForSegue (DownloadViewController).swift */; };
		3AF7A6021E649AA800921ACD /* line.png in Resources */ = {isa = PBXBuildFile; fileRef = 3AF7A6011E649AA800921ACD /* line.png */; };
		3AF7A6091E64A0AE00921ACD /* FF.png in Resources */ = {isa = PBXBuildFile; fileRef = 3AF7A6051E64A0AE00921ACD /* FF.png */; };
		3AF7A60A1E64A0AE00921ACD /* Play.png in Resources */ = {isa = PBXBuildFile; fileRef = 3AF7A6061E64A0AE00921ACD /* Play.png */; };
		3AF7A60B1E64A0AE00921ACD /* Pause.png in Resources */ = {isa = PBXBuildFile; fileRef = 3AF7A6071E64A0AE00921ACD /* Pause.png */; };
		3AF7A60C1E64A0AE00921ACD /* Rewind.png in Resources */ = {isa = PBXBuildFile; fileRef = 3AF7A6081E64A0AE00921ACD /* Rewind.png */; };
		3AF7A60E1E64ACB000921ACD /* applicationOpenURL.swift in Sources */ = {isa = PBXBuildFile; fileRef = 3AF7A60D1E64ACB000921ACD /* applicationOpenURL.swift */; };
		3AF7A6101E64C1EB00921ACD /* openFromURL.swift in Sources */ = {isa = PBXBuildFile; fileRef = 3AF7A60F1E64C1EB00921ACD /* openFromURL.swift */; };
		3AF911DB1E7F2382002822F4 /* SettingsStaticTableViewController.swift in Sources */ = {isa = PBXBuildFile; fileRef = 3AF911DA1E7F2382002822F4 /* SettingsStaticTableViewController.swift */; };
		3AF911DE1E7F2447002822F4 /* prepareForSegue (SettingsStaticTableviewController).swift in Sources */ = {isa = PBXBuildFile; fileRef = 3AF911DD1E7F2447002822F4 /* prepareForSegue (SettingsStaticTableviewController).swift */; };
		3AF911E01E7F253A002822F4 /* UI (SettingsStaticTableViewController).swift in Sources */ = {isa = PBXBuildFile; fileRef = 3AF911DF1E7F253A002822F4 /* UI (SettingsStaticTableViewController).swift */; };
		3AF911E21E7F2C4F002822F4 /* touchID.swift in Sources */ = {isa = PBXBuildFile; fileRef = 3AF911E11E7F2C4F002822F4 /* touchID.swift */; };
		A5F243E3DE0D574BF9EA10CA /* Pods_fastFiles_documents.framework in Frameworks */ = {isa = PBXBuildFile; fileRef = E1AA829E018E9AC19990669B /* Pods_fastFiles_documents.framework */; };
		ACA467310F1183220BE48BD8 /* Pods_fastFiles_documentsFileProvider.framework in Frameworks */ = {isa = PBXBuildFile; fileRef = 759236157CED2B7469EAA0B9 /* Pods_fastFiles_documentsFileProvider.framework */; };
		C2978967442B8612F2714BFC /* Pods_fastFiles.framework in Frameworks */ = {isa = PBXBuildFile; fileRef = F1C976691945AA668DCCCDCA /* Pods_fastFiles.framework */; };
/* End PBXBuildFile section */

/* Begin PBXContainerItemProxy section */
		3A4A34181E7DBC8C0015CB97 /* PBXContainerItemProxy */ = {
			isa = PBXContainerItemProxy;
			containerPortal = 3ADE02571E5B6F2C00F0DB3A /* Project object */;
			proxyType = 1;
			remoteGlobalIDString = 3A4A340D1E7DBC8C0015CB97;
			remoteInfo = Files;
		};
		3A7203701E62521B00225ADE /* PBXContainerItemProxy */ = {
			isa = PBXContainerItemProxy;
			containerPortal = 3ADE02571E5B6F2C00F0DB3A /* Project object */;
			proxyType = 1;
			remoteGlobalIDString = 3A7203681E62521B00225ADE;
			remoteInfo = "fastFiles documentsFileProvider";
		};
		3A7203731E62521B00225ADE /* PBXContainerItemProxy */ = {
			isa = PBXContainerItemProxy;
			containerPortal = 3ADE02571E5B6F2C00F0DB3A /* Project object */;
			proxyType = 1;
			remoteGlobalIDString = 3A72035A1E62521A00225ADE;
			remoteInfo = "fastFiles documents";
		};
		3AA166FA1E7EB5010080D35A /* PBXContainerItemProxy */ = {
			isa = PBXContainerItemProxy;
			containerPortal = 3ADE02571E5B6F2C00F0DB3A /* Project object */;
			proxyType = 1;
			remoteGlobalIDString = 3AA166F41E7EB5010080D35A;
			remoteInfo = "fastFiles search";
		};
/* End PBXContainerItemProxy section */

/* Begin PBXCopyFilesBuildPhase section */
		3A99A2AE1E624CEE001136AB /* Embed App Extensions */ = {
			isa = PBXCopyFilesBuildPhase;
			buildActionMask = 2147483647;
			dstPath = "";
			dstSubfolderSpec = 13;
			files = (
				3A7203751E62521B00225ADE /* fastFiles documents.appex in Embed App Extensions */,
				3AA166FC1E7EB5010080D35A /* fastFiles search.appex in Embed App Extensions */,
				3A7203721E62521B00225ADE /* fastFiles documentsFileProvider.appex in Embed App Extensions */,
				3A4A341A1E7DBC8C0015CB97 /* Files.appex in Embed App Extensions */,
			);
			name = "Embed App Extensions";
			runOnlyForDeploymentPostprocessing = 0;
		};
		3AF911D91E7F1992002822F4 /* Embed Frameworks */ = {
			isa = PBXCopyFilesBuildPhase;
			buildActionMask = 2147483647;
			dstPath = "";
			dstSubfolderSpec = 10;
			files = (
			);
			name = "Embed Frameworks";
			runOnlyForDeploymentPostprocessing = 0;
		};
/* End PBXCopyFilesBuildPhase section */

/* Begin PBXFileReference section */
		0D0C3D9F6DE84D091AA0431B /* Pods-fastFiles share.debug.xcconfig */ = {isa = PBXFileReference; includeInIndex = 1; lastKnownFileType = text.xcconfig; name = "Pods-fastFiles share.debug.xcconfig"; path = "Pods/Target Support Files/Pods-fastFiles share/Pods-fastFiles share.debug.xcconfig"; sourceTree = "<group>"; };
		2F802B06B2E927B728552B5E /* Pods-fastFiles.release.xcconfig */ = {isa = PBXFileReference; includeInIndex = 1; lastKnownFileType = text.xcconfig; name = "Pods-fastFiles.release.xcconfig"; path = "Pods/Target Support Files/Pods-fastFiles/Pods-fastFiles.release.xcconfig"; sourceTree = "<group>"; };
		3879E45784933AEB034A360D /* Pods_fastFiles_share.framework */ = {isa = PBXFileReference; explicitFileType = wrapper.framework; includeInIndex = 0; path = Pods_fastFiles_share.framework; sourceTree = BUILT_PRODUCTS_DIR; };
		3A23ECA81E5C963600186360 /* DownloadViewController.swift */ = {isa = PBXFileReference; fileEncoding = 4; lastKnownFileType = sourcecode.swift; path = DownloadViewController.swift; sourceTree = "<group>"; };
		3A36E4291E7D570D00D77993 /* iCloud (PDFViewController) .swift */ = {isa = PBXFileReference; fileEncoding = 4; lastKnownFileType = sourcecode.swift; path = "iCloud (PDFViewController) .swift"; sourceTree = "<group>"; };
		3A36E4301E7D7A7300D77993 /* Messages.framework */ = {isa = PBXFileReference; lastKnownFileType = wrapper.framework; name = Messages.framework; path = System/Library/Frameworks/Messages.framework; sourceTree = SDKROOT; };
		3A3FAC891E5DCA06004075C1 /* MusicViewController.swift */ = {isa = PBXFileReference; fileEncoding = 4; lastKnownFileType = sourcecode.swift; path = MusicViewController.swift; sourceTree = "<group>"; };
		3A3FAC8B1E5E3007004075C1 /* Silence.mp3 */ = {isa = PBXFileReference; lastKnownFileType = audio.mp3; path = Silence.mp3; sourceTree = "<group>"; };
		3A3FAC8D1E5F175D004075C1 /* paste.png */ = {isa = PBXFileReference; lastKnownFileType = image.png; path = paste.png; sourceTree = "<group>"; };
		3A3FACAB1E5F5F34004075C1 /* zip.png */ = {isa = PBXFileReference; lastKnownFileType = image.png; path = zip.png; sourceTree = "<group>"; };
		3A4A340E1E7DBC8C0015CB97 /* Files.appex */ = {isa = PBXFileReference; explicitFileType = "wrapper.app-extension"; includeInIndex = 0; path = Files.appex; sourceTree = BUILT_PRODUCTS_DIR; };
		3A4A340F1E7DBC8C0015CB97 /* NotificationCenter.framework */ = {isa = PBXFileReference; lastKnownFileType = wrapper.framework; name = NotificationCenter.framework; path = System/Library/Frameworks/NotificationCenter.framework; sourceTree = SDKROOT; };
		3A4A34121E7DBC8C0015CB97 /* TodayViewController.swift */ = {isa = PBXFileReference; lastKnownFileType = sourcecode.swift; path = TodayViewController.swift; sourceTree = "<group>"; };
		3A4A34151E7DBC8C0015CB97 /* Base */ = {isa = PBXFileReference; lastKnownFileType = file.storyboard; name = Base; path = Base.lproj/MainInterface.storyboard; sourceTree = "<group>"; };
		3A4A34171E7DBC8C0015CB97 /* Info.plist */ = {isa = PBXFileReference; lastKnownFileType = text.plist.xml; path = Info.plist; sourceTree = "<group>"; };
		3A4A34201E7DC08B0015CB97 /* tableViewDataSource.swift */ = {isa = PBXFileReference; fileEncoding = 4; lastKnownFileType = sourcecode.swift; path = tableViewDataSource.swift; sourceTree = "<group>"; };
		3A4A34211E7DC08B0015CB97 /* tableViewDelegate.swift */ = {isa = PBXFileReference; fileEncoding = 4; lastKnownFileType = sourcecode.swift; path = tableViewDelegate.swift; sourceTree = "<group>"; };
		3A4A34241E7DC1C30015CB97 /* Files.entitlements */ = {isa = PBXFileReference; lastKnownFileType = text.plist.entitlements; path = Files.entitlements; sourceTree = "<group>"; };
		3A4A34251E7DF9FD0015CB97 /* Icons.xcassets */ = {isa = PBXFileReference; lastKnownFileType = folder.assetcatalog; path = Icons.xcassets; sourceTree = "<group>"; };
		3A683BC31E7DAE6E0020CFB7 /* icon.png */ = {isa = PBXFileReference; lastKnownFileType = image.png; path = icon.png; sourceTree = "<group>"; };
		3A72035B1E62521A00225ADE /* fastFiles documents.appex */ = {isa = PBXFileReference; explicitFileType = "wrapper.app-extension"; includeInIndex = 0; path = "fastFiles documents.appex"; sourceTree = BUILT_PRODUCTS_DIR; };
		3A72035F1E62521B00225ADE /* DocumentPickerViewController.swift */ = {isa = PBXFileReference; lastKnownFileType = sourcecode.swift; path = DocumentPickerViewController.swift; sourceTree = "<group>"; };
		3A7203621E62521B00225ADE /* Base */ = {isa = PBXFileReference; lastKnownFileType = file.storyboard; name = Base; path = Base.lproj/MainInterface.storyboard; sourceTree = "<group>"; };
		3A7203641E62521B00225ADE /* Info.plist */ = {isa = PBXFileReference; lastKnownFileType = text.plist.xml; path = Info.plist; sourceTree = "<group>"; };
		3A7203691E62521B00225ADE /* fastFiles documentsFileProvider.appex */ = {isa = PBXFileReference; explicitFileType = "wrapper.app-extension"; includeInIndex = 0; path = "fastFiles documentsFileProvider.appex"; sourceTree = BUILT_PRODUCTS_DIR; };
		3A72036D1E62521B00225ADE /* FileProvider.swift */ = {isa = PBXFileReference; lastKnownFileType = sourcecode.swift; path = FileProvider.swift; sourceTree = "<group>"; };
		3A72036F1E62521B00225ADE /* Info.plist */ = {isa = PBXFileReference; lastKnownFileType = text.plist.xml; path = Info.plist; sourceTree = "<group>"; };
		3A780FEE1E76135B00145A57 /* SyntaxHighlighting.swift */ = {isa = PBXFileReference; fileEncoding = 4; lastKnownFileType = sourcecode.swift; path = SyntaxHighlighting.swift; sourceTree = "<group>"; };
		3A7B43901E5B7D56006814FA /* BrowserTableViewController.swift */ = {isa = PBXFileReference; fileEncoding = 4; lastKnownFileType = sourcecode.swift; path = BrowserTableViewController.swift; sourceTree = "<group>"; };
		3A7B43941E5BA8B3006814FA /* ImageViewController.swift */ = {isa = PBXFileReference; fileEncoding = 4; lastKnownFileType = sourcecode.swift; path = ImageViewController.swift; sourceTree = "<group>"; };
		3A8CBBB61E6B0B6B00DFEAAE /* iTunesArtwork.png */ = {isa = PBXFileReference; lastKnownFileType = image.png; path = iTunesArtwork.png; sourceTree = "<group>"; };
		3A9437D11E5CFB0000202F1D /* HTMLViewController.swift */ = {isa = PBXFileReference; fileEncoding = 4; lastKnownFileType = sourcecode.swift; path = HTMLViewController.swift; sourceTree = "<group>"; };
		3A9437D31E5DC26E00202F1D /* MissingArtworkMusic.png */ = {isa = PBXFileReference; lastKnownFileType = image.png; path = MissingArtworkMusic.png; sourceTree = "<group>"; };
		3A99A2851E60F3E3001136AB /* PDFViewController.swift */ = {isa = PBXFileReference; fileEncoding = 4; lastKnownFileType = sourcecode.swift; path = PDFViewController.swift; sourceTree = "<group>"; };
		3AA0F7DA1E6A1CB400F5E13B /* iAd.framework */ = {isa = PBXFileReference; lastKnownFileType = wrapper.framework; name = iAd.framework; path = System/Library/Frameworks/iAd.framework; sourceTree = SDKROOT; };
		3AA0F7DC1E6A1CB800F5E13B /* AdSupport.framework */ = {isa = PBXFileReference; lastKnownFileType = wrapper.framework; name = AdSupport.framework; path = System/Library/Frameworks/AdSupport.framework; sourceTree = SDKROOT; };
		3AA0F7E01E6A20BE00F5E13B /* GoogleMobileAds.framework */ = {isa = PBXFileReference; lastKnownFileType = wrapper.framework; path = GoogleMobileAds.framework; sourceTree = "<group>"; };
		3AA0F7E21E6A211100F5E13B /* CoreTelephony.framework */ = {isa = PBXFileReference; lastKnownFileType = wrapper.framework; name = CoreTelephony.framework; path = System/Library/Frameworks/CoreTelephony.framework; sourceTree = SDKROOT; };
		3AA0F7E41E6A211900F5E13B /* EventKit.framework */ = {isa = PBXFileReference; lastKnownFileType = wrapper.framework; name = EventKit.framework; path = System/Library/Frameworks/EventKit.framework; sourceTree = SDKROOT; };
		3AA0F7E51E6A211900F5E13B /* EventKitUI.framework */ = {isa = PBXFileReference; lastKnownFileType = wrapper.framework; name = EventKitUI.framework; path = System/Library/Frameworks/EventKitUI.framework; sourceTree = SDKROOT; };
		3AA0F7E81E6A212E00F5E13B /* MessageUI.framework */ = {isa = PBXFileReference; lastKnownFileType = wrapper.framework; name = MessageUI.framework; path = System/Library/Frameworks/MessageUI.framework; sourceTree = SDKROOT; };
		3AA0F7EA1E6A213F00F5E13B /* StoreKit.framework */ = {isa = PBXFileReference; lastKnownFileType = wrapper.framework; name = StoreKit.framework; path = System/Library/Frameworks/StoreKit.framework; sourceTree = SDKROOT; };
		3AA0F7EC1E6A214500F5E13B /* SystemConfiguration.framework */ = {isa = PBXFileReference; lastKnownFileType = wrapper.framework; name = SystemConfiguration.framework; path = System/Library/Frameworks/SystemConfiguration.framework; sourceTree = SDKROOT; };
		3AA0F7EE1E6A292E00F5E13B /* GoogleService-Info.plist */ = {isa = PBXFileReference; fileEncoding = 4; lastKnownFileType = text.plist.xml; path = "GoogleService-Info.plist"; sourceTree = "<group>"; };
		3AA0F7F01E6A2A6700F5E13B /* Ad (BrowserTableViewController).swift */ = {isa = PBXFileReference; fileEncoding = 4; lastKnownFileType = sourcecode.swift; path = "Ad (BrowserTableViewController).swift"; sourceTree = "<group>"; };
		3AA0F7F41E6AFF7700F5E13B /* Instructions */ = {isa = PBXFileReference; lastKnownFileType = folder; path = Instructions; sourceTree = "<group>"; };
		3AA166F51E7EB5010080D35A /* fastFiles search.appex */ = {isa = PBXFileReference; explicitFileType = "wrapper.app-extension"; includeInIndex = 0; path = "fastFiles search.appex"; sourceTree = BUILT_PRODUCTS_DIR; };
		3AA166F71E7EB5010080D35A /* IndexRequestHandler.swift */ = {isa = PBXFileReference; lastKnownFileType = sourcecode.swift; path = IndexRequestHandler.swift; sourceTree = "<group>"; };
		3AA166F91E7EB5010080D35A /* Info.plist */ = {isa = PBXFileReference; lastKnownFileType = text.plist.xml; path = Info.plist; sourceTree = "<group>"; };
		3AA167001E7EB6550080D35A /* fastFiles search.entitlements */ = {isa = PBXFileReference; lastKnownFileType = text.plist.entitlements; path = "fastFiles search.entitlements"; sourceTree = "<group>"; };
		3AA167011E7EB73D0080D35A /* icons.xcassets */ = {isa = PBXFileReference; lastKnownFileType = folder.assetcatalog; path = icons.xcassets; sourceTree = "<group>"; };
		3AA167031E7EBBB20080D35A /* Spotlight.swift */ = {isa = PBXFileReference; fileEncoding = 4; lastKnownFileType = sourcecode.swift; path = Spotlight.swift; sourceTree = "<group>"; };
		3AA167051E7EDF6C0080D35A /* 3DTouch.swift */ = {isa = PBXFileReference; fileEncoding = 4; lastKnownFileType = sourcecode.swift; path = 3DTouch.swift; sourceTree = "<group>"; };
		3AA167071E7EE1DF0080D35A /* urlScheme.swift */ = {isa = PBXFileReference; fileEncoding = 4; lastKnownFileType = sourcecode.swift; path = urlScheme.swift; sourceTree = "<group>"; };
		3AA167091E7EFFF20080D35A /* CodeToolBar.swift */ = {isa = PBXFileReference; fileEncoding = 4; lastKnownFileType = sourcecode.swift; path = CodeToolBar.swift; sourceTree = "<group>"; };
		3AA56A7C1E5BBFE40076317A /* TextViewController.swift */ = {isa = PBXFileReference; fileEncoding = 4; lastKnownFileType = sourcecode.swift; path = TextViewController.swift; sourceTree = "<group>"; };
		3AA9F55D1E7479B200A0EA14 /* iCloudSync.swift */ = {isa = PBXFileReference; fileEncoding = 4; lastKnownFileType = sourcecode.swift; path = iCloudSync.swift; sourceTree = "<group>"; };
		3ACDC8BD1E6CC069007CBE9F /* UITextFieldDelegate.swift */ = {isa = PBXFileReference; fileEncoding = 4; lastKnownFileType = sourcecode.swift; path = UITextFieldDelegate.swift; sourceTree = "<group>"; };
		3ADE025F1E5B6F2C00F0DB3A /* fastFiles.app */ = {isa = PBXFileReference; explicitFileType = wrapper.application; includeInIndex = 0; path = fastFiles.app; sourceTree = BUILT_PRODUCTS_DIR; };
		3ADE02621E5B6F2C00F0DB3A /* AppDelegate.swift */ = {isa = PBXFileReference; lastKnownFileType = sourcecode.swift; path = AppDelegate.swift; sourceTree = "<group>"; };
		3ADE02641E5B6F2C00F0DB3A /* ViewController.swift */ = {isa = PBXFileReference; lastKnownFileType = sourcecode.swift; path = ViewController.swift; sourceTree = "<group>"; };
		3ADE02671E5B6F2C00F0DB3A /* Base */ = {isa = PBXFileReference; lastKnownFileType = file.storyboard; name = Base; path = Base.lproj/Main.storyboard; sourceTree = "<group>"; };
		3ADE02691E5B6F2C00F0DB3A /* Assets.xcassets */ = {isa = PBXFileReference; lastKnownFileType = folder.assetcatalog; path = Assets.xcassets; sourceTree = "<group>"; };
		3ADE026C1E5B6F2C00F0DB3A /* Base */ = {isa = PBXFileReference; lastKnownFileType = file.storyboard; name = Base; path = Base.lproj/LaunchScreen.storyboard; sourceTree = "<group>"; };
		3ADE026E1E5B6F2C00F0DB3A /* Info.plist */ = {isa = PBXFileReference; lastKnownFileType = text.plist.xml; path = Info.plist; sourceTree = "<group>"; };
		3ADE02761E5B76AD00F0DB3A /* Model.swift */ = {isa = PBXFileReference; fileEncoding = 4; lastKnownFileType = sourcecode.swift; path = Model.swift; sourceTree = "<group>"; };
		3AE129EB1E77514500ADCE6A /* Licenses */ = {isa = PBXFileReference; lastKnownFileType = folder; path = Licenses; sourceTree = "<group>"; };
		3AF3619F1E630757000C735C /* tableViewDataSource.swift */ = {isa = PBXFileReference; fileEncoding = 4; lastKnownFileType = sourcecode.swift; path = tableViewDataSource.swift; sourceTree = "<group>"; };
		3AF361A11E63083E000C735C /* tableViewDelegate.swift */ = {isa = PBXFileReference; fileEncoding = 4; lastKnownFileType = sourcecode.swift; path = tableViewDelegate.swift; sourceTree = "<group>"; };
		3AF361A31E630FA1000C735C /* App.swift */ = {isa = PBXFileReference; fileEncoding = 4; lastKnownFileType = sourcecode.swift; path = App.swift; sourceTree = "<group>"; };
		3AF361AC1E63361C000C735C /* Icons.xcassets */ = {isa = PBXFileReference; lastKnownFileType = folder.assetcatalog; path = Icons.xcassets; sourceTree = "<group>"; };
		3AF361B01E634AA6000C735C /* Functions.swift */ = {isa = PBXFileReference; fileEncoding = 4; lastKnownFileType = sourcecode.swift; path = Functions.swift; sourceTree = "<group>"; };
		3AF361B21E634BE4000C735C /* moveToPublic.swift */ = {isa = PBXFileReference; fileEncoding = 4; lastKnownFileType = sourcecode.swift; path = moveToPublic.swift; sourceTree = "<group>"; };
		3AF361B51E634C5B000C735C /* prepareForSegue (ViewController).swift */ = {isa = PBXFileReference; fileEncoding = 4; lastKnownFileType = sourcecode.swift; path = "prepareForSegue (ViewController).swift"; sourceTree = "<group>"; };
		3AF361B71E634CBC000C735C /* viewDidLoad (ViewController).swift */ = {isa = PBXFileReference; fileEncoding = 4; lastKnownFileType = sourcecode.swift; path = "viewDidLoad (ViewController).swift"; sourceTree = "<group>"; };
		3AF361B91E634D03000C735C /* setNavBarStyle.swift */ = {isa = PBXFileReference; fileEncoding = 4; lastKnownFileType = sourcecode.swift; path = setNavBarStyle.swift; sourceTree = "<group>"; };
		3AF361BB1E634D5E000C735C /* getDeviceInfo.swift */ = {isa = PBXFileReference; fileEncoding = 4; lastKnownFileType = sourcecode.swift; path = getDeviceInfo.swift; sourceTree = "<group>"; };
		3AF361BE1E634E01000C735C /* DocumentPickerDelegate.swift */ = {isa = PBXFileReference; fileEncoding = 4; lastKnownFileType = sourcecode.swift; path = DocumentPickerDelegate.swift; sourceTree = "<group>"; };
		3AF361C11E634E62000C735C /* UI.swift */ = {isa = PBXFileReference; fileEncoding = 4; lastKnownFileType = sourcecode.swift; path = UI.swift; sourceTree = "<group>"; };
		3AF361C31E635271000C735C /* ViewDid (BrowserTableViewController).swift */ = {isa = PBXFileReference; fileEncoding = 4; lastKnownFileType = sourcecode.swift; path = "ViewDid (BrowserTableViewController).swift"; sourceTree = "<group>"; };
		3AF361C51E63545F000C735C /* Other functions.swift */ = {isa = PBXFileReference; fileEncoding = 4; lastKnownFileType = sourcecode.swift; path = "Other functions.swift"; sourceTree = "<group>"; };
		3AF361C81E6355B5000C735C /* ScrollViewDelegate.swift */ = {isa = PBXFileReference; fileEncoding = 4; lastKnownFileType = sourcecode.swift; path = ScrollViewDelegate.swift; sourceTree = "<group>"; };
		3AF361CA1E635617000C735C /* viewDidLoad (ImageViewController).swift */ = {isa = PBXFileReference; fileEncoding = 4; lastKnownFileType = sourcecode.swift; path = "viewDidLoad (ImageViewController).swift"; sourceTree = "<group>"; };
		3AF361CC1E635685000C735C /* displayImage.swift */ = {isa = PBXFileReference; fileEncoding = 4; lastKnownFileType = sourcecode.swift; path = displayImage.swift; sourceTree = "<group>"; };
		3AF361CF1E63574E000C735C /* viewDid (TextViewController).swift */ = {isa = PBXFileReference; fileEncoding = 4; lastKnownFileType = sourcecode.swift; path = "viewDid (TextViewController).swift"; sourceTree = "<group>"; };
		3AF361D11E63579C000C735C /* displayText.swift */ = {isa = PBXFileReference; fileEncoding = 4; lastKnownFileType = sourcecode.swift; path = displayText.swift; sourceTree = "<group>"; };
		3AF361D31E63582E000C735C /* prepareForSegue (TextViewController).swift */ = {isa = PBXFileReference; fileEncoding = 4; lastKnownFileType = sourcecode.swift; path = "prepareForSegue (TextViewController).swift"; sourceTree = "<group>"; };
		3AF361D61E6358B9000C735C /* WebViewDelegate.swift */ = {isa = PBXFileReference; fileEncoding = 4; lastKnownFileType = sourcecode.swift; path = WebViewDelegate.swift; sourceTree = "<group>"; };
		3AF361D81E635942000C735C /* viewDidLoad (HTMLViewController).swift */ = {isa = PBXFileReference; fileEncoding = 4; lastKnownFileType = sourcecode.swift; path = "viewDidLoad (HTMLViewController).swift"; sourceTree = "<group>"; };
		3AF361DB1E6359F5000C735C /* ViewDid (MusicViewController).swift */ = {isa = PBXFileReference; fileEncoding = 4; lastKnownFileType = sourcecode.swift; path = "ViewDid (MusicViewController).swift"; sourceTree = "<group>"; };
		3AF361DD1E635AE3000C735C /* Controls.swift */ = {isa = PBXFileReference; fileEncoding = 4; lastKnownFileType = sourcecode.swift; path = Controls.swift; sourceTree = "<group>"; };
		3AF361DF1E635D72000C735C /* getAudioInfo.swift */ = {isa = PBXFileReference; fileEncoding = 4; lastKnownFileType = sourcecode.swift; path = getAudioInfo.swift; sourceTree = "<group>"; };
		3AF361E11E635F60000C735C /* Other functions (MusicViewController).swift */ = {isa = PBXFileReference; fileEncoding = 4; lastKnownFileType = sourcecode.swift; path = "Other functions (MusicViewController).swift"; sourceTree = "<group>"; };
		3AF361E31E636040000C735C /* prepareForSegue (BrowserTableViewController).swift */ = {isa = PBXFileReference; fileEncoding = 4; lastKnownFileType = sourcecode.swift; path = "prepareForSegue (BrowserTableViewController).swift"; sourceTree = "<group>"; };
		3AF361E61E639052000C735C /* ScrollViewDelegate (PDFViewController).swift */ = {isa = PBXFileReference; fileEncoding = 4; lastKnownFileType = sourcecode.swift; path = "ScrollViewDelegate (PDFViewController).swift"; sourceTree = "<group>"; };
		3AF361E81E63909B000C735C /* viewDid (PDFViewController).swift */ = {isa = PBXFileReference; fileEncoding = 4; lastKnownFileType = sourcecode.swift; path = "viewDid (PDFViewController).swift"; sourceTree = "<group>"; };
		3AF361EC1E639160000C735C /* viewDidLoad (DownloadViewController).swift */ = {isa = PBXFileReference; fileEncoding = 4; lastKnownFileType = sourcecode.swift; path = "viewDidLoad (DownloadViewController).swift"; sourceTree = "<group>"; };
		3AF361EE1E639237000C735C /* prepareForSegue (DownloadViewController).swift */ = {isa = PBXFileReference; fileEncoding = 4; lastKnownFileType = sourcecode.swift; path = "prepareForSegue (DownloadViewController).swift"; sourceTree = "<group>"; };
		3AF7A6011E649AA800921ACD /* line.png */ = {isa = PBXFileReference; lastKnownFileType = image.png; path = line.png; sourceTree = "<group>"; };
		3AF7A6051E64A0AE00921ACD /* FF.png */ = {isa = PBXFileReference; lastKnownFileType = image.png; path = FF.png; sourceTree = "<group>"; };
		3AF7A6061E64A0AE00921ACD /* Play.png */ = {isa = PBXFileReference; lastKnownFileType = image.png; path = Play.png; sourceTree = "<group>"; };
		3AF7A6071E64A0AE00921ACD /* Pause.png */ = {isa = PBXFileReference; lastKnownFileType = image.png; path = Pause.png; sourceTree = "<group>"; };
		3AF7A6081E64A0AE00921ACD /* Rewind.png */ = {isa = PBXFileReference; lastKnownFileType = image.png; path = Rewind.png; sourceTree = "<group>"; };
		3AF7A60D1E64ACB000921ACD /* applicationOpenURL.swift */ = {isa = PBXFileReference; fileEncoding = 4; lastKnownFileType = sourcecode.swift; path = applicationOpenURL.swift; sourceTree = "<group>"; };
		3AF7A60F1E64C1EB00921ACD /* openFromURL.swift */ = {isa = PBXFileReference; fileEncoding = 4; lastKnownFileType = sourcecode.swift; path = openFromURL.swift; sourceTree = "<group>"; };
		3AF7A6151E64F16100921ACD /* fastFiles.entitlements */ = {isa = PBXFileReference; lastKnownFileType = text.plist.entitlements; path = fastFiles.entitlements; sourceTree = "<group>"; };
		3AF7A6161E64F16900921ACD /* fastFiles documents.entitlements */ = {isa = PBXFileReference; lastKnownFileType = text.plist.entitlements; path = "fastFiles documents.entitlements"; sourceTree = "<group>"; };
		3AF7A6171E64F16D00921ACD /* fastFiles documentsFileProvider.entitlements */ = {isa = PBXFileReference; lastKnownFileType = text.plist.entitlements; path = "fastFiles documentsFileProvider.entitlements"; sourceTree = "<group>"; };
		3AF911DA1E7F2382002822F4 /* SettingsStaticTableViewController.swift */ = {isa = PBXFileReference; fileEncoding = 4; lastKnownFileType = sourcecode.swift; path = SettingsStaticTableViewController.swift; sourceTree = "<group>"; };
		3AF911DD1E7F2447002822F4 /* prepareForSegue (SettingsStaticTableviewController).swift */ = {isa = PBXFileReference; fileEncoding = 4; lastKnownFileType = sourcecode.swift; path = "prepareForSegue (SettingsStaticTableviewController).swift"; sourceTree = "<group>"; };
		3AF911DF1E7F253A002822F4 /* UI (SettingsStaticTableViewController).swift */ = {isa = PBXFileReference; fileEncoding = 4; lastKnownFileType = sourcecode.swift; path = "UI (SettingsStaticTableViewController).swift"; sourceTree = "<group>"; };
		3AF911E11E7F2C4F002822F4 /* touchID.swift */ = {isa = PBXFileReference; fileEncoding = 4; lastKnownFileType = sourcecode.swift; path = touchID.swift; sourceTree = "<group>"; };
		43327105A953A6358F366B6B /* Pods-fastFiles documents.release.xcconfig */ = {isa = PBXFileReference; includeInIndex = 1; lastKnownFileType = text.xcconfig; name = "Pods-fastFiles documents.release.xcconfig"; path = "Pods/Target Support Files/Pods-fastFiles documents/Pods-fastFiles documents.release.xcconfig"; sourceTree = "<group>"; };
		4AFA2D560D30D55E97D48CE1 /* Pods-fastFiles documentsFileProvider.debug.xcconfig */ = {isa = PBXFileReference; includeInIndex = 1; lastKnownFileType = text.xcconfig; name = "Pods-fastFiles documentsFileProvider.debug.xcconfig"; path = "Pods/Target Support Files/Pods-fastFiles documentsFileProvider/Pods-fastFiles documentsFileProvider.debug.xcconfig"; sourceTree = "<group>"; };
		4DAF13FF63623E043A09D594 /* Pods-fastFiles documents.debug.xcconfig */ = {isa = PBXFileReference; includeInIndex = 1; lastKnownFileType = text.xcconfig; name = "Pods-fastFiles documents.debug.xcconfig"; path = "Pods/Target Support Files/Pods-fastFiles documents/Pods-fastFiles documents.debug.xcconfig"; sourceTree = "<group>"; };
		759236157CED2B7469EAA0B9 /* Pods_fastFiles_documentsFileProvider.framework */ = {isa = PBXFileReference; explicitFileType = wrapper.framework; includeInIndex = 0; path = Pods_fastFiles_documentsFileProvider.framework; sourceTree = BUILT_PRODUCTS_DIR; };
		91542B4EF2015C677B30D498 /* Pods-fastFiles documentsFileProvider.release.xcconfig */ = {isa = PBXFileReference; includeInIndex = 1; lastKnownFileType = text.xcconfig; name = "Pods-fastFiles documentsFileProvider.release.xcconfig"; path = "Pods/Target Support Files/Pods-fastFiles documentsFileProvider/Pods-fastFiles documentsFileProvider.release.xcconfig"; sourceTree = "<group>"; };
		9995389602CD9FEC93D86E93 /* Pods-fastFiles share.release.xcconfig */ = {isa = PBXFileReference; includeInIndex = 1; lastKnownFileType = text.xcconfig; name = "Pods-fastFiles share.release.xcconfig"; path = "Pods/Target Support Files/Pods-fastFiles share/Pods-fastFiles share.release.xcconfig"; sourceTree = "<group>"; };
		B376135F256B1692229A9121 /* Pods-fastFiles.debug.xcconfig */ = {isa = PBXFileReference; includeInIndex = 1; lastKnownFileType = text.xcconfig; name = "Pods-fastFiles.debug.xcconfig"; path = "Pods/Target Support Files/Pods-fastFiles/Pods-fastFiles.debug.xcconfig"; sourceTree = "<group>"; };
		E1AA829E018E9AC19990669B /* Pods_fastFiles_documents.framework */ = {isa = PBXFileReference; explicitFileType = wrapper.framework; includeInIndex = 0; path = Pods_fastFiles_documents.framework; sourceTree = BUILT_PRODUCTS_DIR; };
		F1C976691945AA668DCCCDCA /* Pods_fastFiles.framework */ = {isa = PBXFileReference; explicitFileType = wrapper.framework; includeInIndex = 0; path = Pods_fastFiles.framework; sourceTree = BUILT_PRODUCTS_DIR; };
/* End PBXFileReference section */

/* Begin PBXFrameworksBuildPhase section */
		3A4A340B1E7DBC8C0015CB97 /* Frameworks */ = {
			isa = PBXFrameworksBuildPhase;
			buildActionMask = 2147483647;
			files = (
				3A4A34101E7DBC8C0015CB97 /* NotificationCenter.framework in Frameworks */,
			);
			runOnlyForDeploymentPostprocessing = 0;
		};
		3A7203581E62521A00225ADE /* Frameworks */ = {
			isa = PBXFrameworksBuildPhase;
			buildActionMask = 2147483647;
			files = (
				A5F243E3DE0D574BF9EA10CA /* Pods_fastFiles_documents.framework in Frameworks */,
			);
			runOnlyForDeploymentPostprocessing = 0;
		};
		3A7203661E62521B00225ADE /* Frameworks */ = {
			isa = PBXFrameworksBuildPhase;
			buildActionMask = 2147483647;
			files = (
				ACA467310F1183220BE48BD8 /* Pods_fastFiles_documentsFileProvider.framework in Frameworks */,
			);
			runOnlyForDeploymentPostprocessing = 0;
		};
		3AA166F21E7EB5010080D35A /* Frameworks */ = {
			isa = PBXFrameworksBuildPhase;
			buildActionMask = 2147483647;
			files = (
			);
			runOnlyForDeploymentPostprocessing = 0;
		};
		3ADE025C1E5B6F2C00F0DB3A /* Frameworks */ = {
			isa = PBXFrameworksBuildPhase;
			buildActionMask = 2147483647;
			files = (
				3AA0F7ED1E6A214500F5E13B /* SystemConfiguration.framework in Frameworks */,
				3AA0F7EB1E6A213F00F5E13B /* StoreKit.framework in Frameworks */,
				3AA0F7E91E6A212E00F5E13B /* MessageUI.framework in Frameworks */,
				3AA0F7E61E6A211900F5E13B /* EventKit.framework in Frameworks */,
				3AA0F7E71E6A211900F5E13B /* EventKitUI.framework in Frameworks */,
				3AA0F7E31E6A211100F5E13B /* CoreTelephony.framework in Frameworks */,
				3AA0F7DD1E6A1CB800F5E13B /* AdSupport.framework in Frameworks */,
				3AA0F7E11E6A20BE00F5E13B /* GoogleMobileAds.framework in Frameworks */,
				C2978967442B8612F2714BFC /* Pods_fastFiles.framework in Frameworks */,
			);
			runOnlyForDeploymentPostprocessing = 0;
		};
/* End PBXFrameworksBuildPhase section */

/* Begin PBXGroup section */
		07593B5506B3EC292F22A89B /* Frameworks */ = {
			isa = PBXGroup;
			children = (
				3AA0F7EC1E6A214500F5E13B /* SystemConfiguration.framework */,
				3AA0F7EA1E6A213F00F5E13B /* StoreKit.framework */,
				3AA0F7E81E6A212E00F5E13B /* MessageUI.framework */,
				3AA0F7E41E6A211900F5E13B /* EventKit.framework */,
				3AA0F7E51E6A211900F5E13B /* EventKitUI.framework */,
				3AA0F7E21E6A211100F5E13B /* CoreTelephony.framework */,
				3AA0F7DC1E6A1CB800F5E13B /* AdSupport.framework */,
				3AA0F7DA1E6A1CB400F5E13B /* iAd.framework */,
				F1C976691945AA668DCCCDCA /* Pods_fastFiles.framework */,
				E1AA829E018E9AC19990669B /* Pods_fastFiles_documents.framework */,
				759236157CED2B7469EAA0B9 /* Pods_fastFiles_documentsFileProvider.framework */,
				3879E45784933AEB034A360D /* Pods_fastFiles_share.framework */,
				3A36E4301E7D7A7300D77993 /* Messages.framework */,
				3A4A340F1E7DBC8C0015CB97 /* NotificationCenter.framework */,
			);
			name = Frameworks;
			sourceTree = "<group>";
		};
		3A3FAC7C1E5DC7B8004075C1 /* Ressources */ = {
			isa = PBXGroup;
			children = (
				3AE129EB1E77514500ADCE6A /* Licenses */,
				3AA0F7F41E6AFF7700F5E13B /* Instructions */,
				3AF361F11E639388000C735C /* Medias */,
				3ADE02661E5B6F2C00F0DB3A /* Main.storyboard */,
				3ADE026B1E5B6F2C00F0DB3A /* LaunchScreen.storyboard */,
				3ADE026E1E5B6F2C00F0DB3A /* Info.plist */,
				3AA0F7EE1E6A292E00F5E13B /* GoogleService-Info.plist */,
			);
			name = Ressources;
			sourceTree = "<group>";
		};
		3A4A34111E7DBC8C0015CB97 /* Files */ = {
			isa = PBXGroup;
			children = (
				3A4A34241E7DC1C30015CB97 /* Files.entitlements */,
				3A4A34141E7DBC8C0015CB97 /* MainInterface.storyboard */,
				3AA167071E7EE1DF0080D35A /* urlScheme.swift */,
				3A4A34121E7DBC8C0015CB97 /* TodayViewController.swift */,
				3A4A34201E7DC08B0015CB97 /* tableViewDataSource.swift */,
				3A4A34211E7DC08B0015CB97 /* tableViewDelegate.swift */,
				3A4A34251E7DF9FD0015CB97 /* Icons.xcassets */,
				3A4A34171E7DBC8C0015CB97 /* Info.plist */,
			);
			path = Files;
			sourceTree = "<group>";
		};
		3A72035C1E62521B00225ADE /* fastFiles documents */ = {
			isa = PBXGroup;
			children = (
				3AF7A6161E64F16900921ACD /* fastFiles documents.entitlements */,
				3AF361F01E639369000C735C /* DocumentPickerViewController */,
				3A72035D1E62521B00225ADE /* Supporting Files */,
			);
			path = "fastFiles documents";
			sourceTree = "<group>";
		};
		3A72035D1E62521B00225ADE /* Supporting Files */ = {
			isa = PBXGroup;
			children = (
				3AF361AC1E63361C000C735C /* Icons.xcassets */,
				3A7203611E62521B00225ADE /* MainInterface.storyboard */,
				3A7203641E62521B00225ADE /* Info.plist */,
			);
			name = "Supporting Files";
			sourceTree = "<group>";
		};
		3A72036A1E62521B00225ADE /* fastFiles documentsFileProvider */ = {
			isa = PBXGroup;
			children = (
				3AF7A6171E64F16D00921ACD /* fastFiles documentsFileProvider.entitlements */,
				3A72036D1E62521B00225ADE /* FileProvider.swift */,
				3A72036B1E62521B00225ADE /* Supporting Files */,
			);
			path = "fastFiles documentsFileProvider";
			sourceTree = "<group>";
		};
		3A72036B1E62521B00225ADE /* Supporting Files */ = {
			isa = PBXGroup;
			children = (
				3A72036F1E62521B00225ADE /* Info.plist */,
			);
			name = "Supporting Files";
			sourceTree = "<group>";
		};
		3AA166F61E7EB5010080D35A /* fastFiles search */ = {
			isa = PBXGroup;
			children = (
				3AA167001E7EB6550080D35A /* fastFiles search.entitlements */,
				3AA166F71E7EB5010080D35A /* IndexRequestHandler.swift */,
				3AA167011E7EB73D0080D35A /* icons.xcassets */,
				3AA166F91E7EB5010080D35A /* Info.plist */,
			);
			path = "fastFiles search";
			sourceTree = "<group>";
		};
		3ADE02561E5B6F2C00F0DB3A = {
			isa = PBXGroup;
			children = (
				3ADE02611E5B6F2C00F0DB3A /* fastFiles */,
				3A72035C1E62521B00225ADE /* fastFiles documents */,
				3A72036A1E62521B00225ADE /* fastFiles documentsFileProvider */,
				3A4A34111E7DBC8C0015CB97 /* Files */,
				3AA166F61E7EB5010080D35A /* fastFiles search */,
				3ADE02601E5B6F2C00F0DB3A /* Products */,
				D7DA3FE4459791C566DF5F02 /* Pods */,
				07593B5506B3EC292F22A89B /* Frameworks */,
			);
			sourceTree = "<group>";
		};
		3ADE02601E5B6F2C00F0DB3A /* Products */ = {
			isa = PBXGroup;
			children = (
				3ADE025F1E5B6F2C00F0DB3A /* fastFiles.app */,
				3A72035B1E62521A00225ADE /* fastFiles documents.appex */,
				3A7203691E62521B00225ADE /* fastFiles documentsFileProvider.appex */,
				3A4A340E1E7DBC8C0015CB97 /* Files.appex */,
				3AA166F51E7EB5010080D35A /* fastFiles search.appex */,
			);
			name = Products;
			sourceTree = "<group>";
		};
		3ADE02611E5B6F2C00F0DB3A /* fastFiles */ = {
			isa = PBXGroup;
			children = (
				3AA0F7E01E6A20BE00F5E13B /* GoogleMobileAds.framework */,
				3AF7A6151E64F16100921ACD /* fastFiles.entitlements */,
				3AF361AE1E634A73000C735C /* Classes */,
				3A3FAC7C1E5DC7B8004075C1 /* Ressources */,
				3ADE02691E5B6F2C00F0DB3A /* Assets.xcassets */,
			);
			path = fastFiles;
			sourceTree = "<group>";
		};
		3AF361AE1E634A73000C735C /* Classes */ = {
			isa = PBXGroup;
			children = (
				3ADE02761E5B76AD00F0DB3A /* Model.swift */,
				3AF361A31E630FA1000C735C /* App.swift */,
				3AF361AF1E634A80000C735C /* AppDelegate */,
				3AF361B41E634C21000C735C /* ViewController */,
				3AF361BD1E634DC8000C735C /* BrowserTableViewController */,
				3AF911DC1E7F23BA002822F4 /* SettingsStaticTableViewController */,
				3AF361C71E635595000C735C /* ImageViewController */,
				3AF361CE1E635726000C735C /* TextViewController */,
				3AF361D51E635898000C735C /* HTMLViewController */,
				3AF361DA1E6359A5000C735C /* MusicViewController */,
				3AF361E51E639028000C735C /* PDFViewController */,
				3AF361EA1E6390FB000C735C /* DownloadViewController */,
			);
			name = Classes;
			sourceTree = "<group>";
		};
		3AF361AF1E634A80000C735C /* AppDelegate */ = {
			isa = PBXGroup;
			children = (
				3ADE02621E5B6F2C00F0DB3A /* AppDelegate.swift */,
				3AF361B01E634AA6000C735C /* Functions.swift */,
				3AF7A60D1E64ACB000921ACD /* applicationOpenURL.swift */,
				3AF361B21E634BE4000C735C /* moveToPublic.swift */,
				3AA9F55D1E7479B200A0EA14 /* iCloudSync.swift */,
				3AA167031E7EBBB20080D35A /* Spotlight.swift */,
				3AA167051E7EDF6C0080D35A /* 3DTouch.swift */,
			);
			name = AppDelegate;
			sourceTree = "<group>";
		};
		3AF361B41E634C21000C735C /* ViewController */ = {
			isa = PBXGroup;
			children = (
				3ADE02641E5B6F2C00F0DB3A /* ViewController.swift */,
				3AF361B51E634C5B000C735C /* prepareForSegue (ViewController).swift */,
				3AF911E11E7F2C4F002822F4 /* touchID.swift */,
				3AF361B71E634CBC000C735C /* viewDidLoad (ViewController).swift */,
				3AF7A60F1E64C1EB00921ACD /* openFromURL.swift */,
				3AF361B91E634D03000C735C /* setNavBarStyle.swift */,
				3AF361BB1E634D5E000C735C /* getDeviceInfo.swift */,
			);
			name = ViewController;
			sourceTree = "<group>";
		};
		3AF361BD1E634DC8000C735C /* BrowserTableViewController */ = {
			isa = PBXGroup;
			children = (
				3A7B43901E5B7D56006814FA /* BrowserTableViewController.swift */,
				3AA0F7F01E6A2A6700F5E13B /* Ad (BrowserTableViewController).swift */,
				3AF361BE1E634E01000C735C /* DocumentPickerDelegate.swift */,
				3AF361C31E635271000C735C /* ViewDid (BrowserTableViewController).swift */,
				3AF361E31E636040000C735C /* prepareForSegue (BrowserTableViewController).swift */,
				3AF361C51E63545F000C735C /* Other functions.swift */,
				3AF361C11E634E62000C735C /* UI.swift */,
			);
			name = BrowserTableViewController;
			sourceTree = "<group>";
		};
		3AF361C71E635595000C735C /* ImageViewController */ = {
			isa = PBXGroup;
			children = (
				3A7B43941E5BA8B3006814FA /* ImageViewController.swift */,
				3AF361C81E6355B5000C735C /* ScrollViewDelegate.swift */,
				3AF361CA1E635617000C735C /* viewDidLoad (ImageViewController).swift */,
				3AF361CC1E635685000C735C /* displayImage.swift */,
			);
			name = ImageViewController;
			sourceTree = "<group>";
		};
		3AF361CE1E635726000C735C /* TextViewController */ = {
			isa = PBXGroup;
			children = (
				3AA56A7C1E5BBFE40076317A /* TextViewController.swift */,
				3AF361D31E63582E000C735C /* prepareForSegue (TextViewController).swift */,
				3AF361CF1E63574E000C735C /* viewDid (TextViewController).swift */,
				3AF361D11E63579C000C735C /* displayText.swift */,
				3A780FEE1E76135B00145A57 /* SyntaxHighlighting.swift */,
				3AA167091E7EFFF20080D35A /* CodeToolBar.swift */,
			);
			name = TextViewController;
			sourceTree = "<group>";
		};
		3AF361D51E635898000C735C /* HTMLViewController */ = {
			isa = PBXGroup;
			children = (
				3A9437D11E5CFB0000202F1D /* HTMLViewController.swift */,
				3AF361D61E6358B9000C735C /* WebViewDelegate.swift */,
				3AF361D81E635942000C735C /* viewDidLoad (HTMLViewController).swift */,
			);
			name = HTMLViewController;
			sourceTree = "<group>";
		};
		3AF361DA1E6359A5000C735C /* MusicViewController */ = {
			isa = PBXGroup;
			children = (
				3A3FAC891E5DCA06004075C1 /* MusicViewController.swift */,
				3AF361E11E635F60000C735C /* Other functions (MusicViewController).swift */,
				3AF361DB1E6359F5000C735C /* ViewDid (MusicViewController).swift */,
				3AF361DF1E635D72000C735C /* getAudioInfo.swift */,
				3AF361DD1E635AE3000C735C /* Controls.swift */,
			);
			name = MusicViewController;
			sourceTree = "<group>";
		};
		3AF361E51E639028000C735C /* PDFViewController */ = {
			isa = PBXGroup;
			children = (
				3A99A2851E60F3E3001136AB /* PDFViewController.swift */,
				3AF361E81E63909B000C735C /* viewDid (PDFViewController).swift */,
				3A36E4291E7D570D00D77993 /* iCloud (PDFViewController) .swift */,
				3AF361E61E639052000C735C /* ScrollViewDelegate (PDFViewController).swift */,
			);
			name = PDFViewController;
			sourceTree = "<group>";
		};
		3AF361EA1E6390FB000C735C /* DownloadViewController */ = {
			isa = PBXGroup;
			children = (
				3A23ECA81E5C963600186360 /* DownloadViewController.swift */,
				3ACDC8BD1E6CC069007CBE9F /* UITextFieldDelegate.swift */,
				3AF361EC1E639160000C735C /* viewDidLoad (DownloadViewController).swift */,
				3AF361EE1E639237000C735C /* prepareForSegue (DownloadViewController).swift */,
			);
			name = DownloadViewController;
			sourceTree = "<group>";
		};
		3AF361EB1E639125000C735C /* Images */ = {
			isa = PBXGroup;
			children = (
				3A683BC31E7DAE6E0020CFB7 /* icon.png */,
				3A8CBBB61E6B0B6B00DFEAAE /* iTunesArtwork.png */,
				3AF7A6051E64A0AE00921ACD /* FF.png */,
				3AF7A6061E64A0AE00921ACD /* Play.png */,
				3AF7A6071E64A0AE00921ACD /* Pause.png */,
				3AF7A6081E64A0AE00921ACD /* Rewind.png */,
				3AF7A6011E649AA800921ACD /* line.png */,
				3A9437D31E5DC26E00202F1D /* MissingArtworkMusic.png */,
				3A3FAC8D1E5F175D004075C1 /* paste.png */,
				3A3FACAB1E5F5F34004075C1 /* zip.png */,
			);
			name = Images;
			sourceTree = "<group>";
		};
		3AF361F01E639369000C735C /* DocumentPickerViewController */ = {
			isa = PBXGroup;
			children = (
				3A72035F1E62521B00225ADE /* DocumentPickerViewController.swift */,
				3AF3619F1E630757000C735C /* tableViewDataSource.swift */,
				3AF361A11E63083E000C735C /* tableViewDelegate.swift */,
			);
			name = DocumentPickerViewController;
			sourceTree = "<group>";
		};
		3AF361F11E639388000C735C /* Medias */ = {
			isa = PBXGroup;
			children = (
				3A3FAC8B1E5E3007004075C1 /* Silence.mp3 */,
				3AF361EB1E639125000C735C /* Images */,
			);
			name = Medias;
			sourceTree = "<group>";
		};
		3AF911DC1E7F23BA002822F4 /* SettingsStaticTableViewController */ = {
			isa = PBXGroup;
			children = (
				3AF911DA1E7F2382002822F4 /* SettingsStaticTableViewController.swift */,
				3AF911DD1E7F2447002822F4 /* prepareForSegue (SettingsStaticTableviewController).swift */,
				3AF911DF1E7F253A002822F4 /* UI (SettingsStaticTableViewController).swift */,
			);
			name = SettingsStaticTableViewController;
			sourceTree = "<group>";
		};
		D7DA3FE4459791C566DF5F02 /* Pods */ = {
			isa = PBXGroup;
			children = (
				B376135F256B1692229A9121 /* Pods-fastFiles.debug.xcconfig */,
				2F802B06B2E927B728552B5E /* Pods-fastFiles.release.xcconfig */,
				4DAF13FF63623E043A09D594 /* Pods-fastFiles documents.debug.xcconfig */,
				43327105A953A6358F366B6B /* Pods-fastFiles documents.release.xcconfig */,
				4AFA2D560D30D55E97D48CE1 /* Pods-fastFiles documentsFileProvider.debug.xcconfig */,
				91542B4EF2015C677B30D498 /* Pods-fastFiles documentsFileProvider.release.xcconfig */,
				0D0C3D9F6DE84D091AA0431B /* Pods-fastFiles share.debug.xcconfig */,
				9995389602CD9FEC93D86E93 /* Pods-fastFiles share.release.xcconfig */,
			);
			name = Pods;
			sourceTree = "<group>";
		};
/* End PBXGroup section */

/* Begin PBXNativeTarget section */
		3A4A340D1E7DBC8C0015CB97 /* Files */ = {
			isa = PBXNativeTarget;
			buildConfigurationList = 3A4A341D1E7DBC8C0015CB97 /* Build configuration list for PBXNativeTarget "Files" */;
			buildPhases = (
				3A4A340A1E7DBC8C0015CB97 /* Sources */,
				3A4A340B1E7DBC8C0015CB97 /* Frameworks */,
				3A4A340C1E7DBC8C0015CB97 /* Resources */,
			);
			buildRules = (
			);
			dependencies = (
			);
			name = Files;
			productName = Files;
			productReference = 3A4A340E1E7DBC8C0015CB97 /* Files.appex */;
			productType = "com.apple.product-type.app-extension";
		};
		3A72035A1E62521A00225ADE /* fastFiles documents */ = {
			isa = PBXNativeTarget;
			buildConfigurationList = 3A7203791E62521B00225ADE /* Build configuration list for PBXNativeTarget "fastFiles documents" */;
			buildPhases = (
				F173460120E7A05A3532262B /* [CP] Check Pods Manifest.lock */,
				3A7203571E62521A00225ADE /* Sources */,
				3A7203581E62521A00225ADE /* Frameworks */,
				3A7203591E62521A00225ADE /* Resources */,
				54CF4116DE9AEB3F9A133A70 /* [CP] Copy Pods Resources */,
			);
			buildRules = (
			);
			dependencies = (
			);
			name = "fastFiles documents";
			productName = "fastFiles documents";
			productReference = 3A72035B1E62521A00225ADE /* fastFiles documents.appex */;
			productType = "com.apple.product-type.app-extension";
		};
		3A7203681E62521B00225ADE /* fastFiles documentsFileProvider */ = {
			isa = PBXNativeTarget;
			buildConfigurationList = 3A7203761E62521B00225ADE /* Build configuration list for PBXNativeTarget "fastFiles documentsFileProvider" */;
			buildPhases = (
				E08A509F4215606D423742B3 /* [CP] Check Pods Manifest.lock */,
				3A7203651E62521B00225ADE /* Sources */,
				3A7203661E62521B00225ADE /* Frameworks */,
				3A7203671E62521B00225ADE /* Resources */,
				7D26C54758F22027FF30BCF8 /* [CP] Copy Pods Resources */,
			);
			buildRules = (
			);
			dependencies = (
			);
			name = "fastFiles documentsFileProvider";
			productName = "fastFiles documentsFileProvider";
			productReference = 3A7203691E62521B00225ADE /* fastFiles documentsFileProvider.appex */;
			productType = "com.apple.product-type.app-extension";
		};
		3AA166F41E7EB5010080D35A /* fastFiles search */ = {
			isa = PBXNativeTarget;
			buildConfigurationList = 3AA166FF1E7EB5010080D35A /* Build configuration list for PBXNativeTarget "fastFiles search" */;
			buildPhases = (
				3AA166F11E7EB5010080D35A /* Sources */,
				3AA166F21E7EB5010080D35A /* Frameworks */,
				3AA166F31E7EB5010080D35A /* Resources */,
			);
			buildRules = (
			);
			dependencies = (
			);
			name = "fastFiles search";
			productName = "fastFiles search";
			productReference = 3AA166F51E7EB5010080D35A /* fastFiles search.appex */;
			productType = "com.apple.product-type.app-extension";
		};
		3ADE025E1E5B6F2C00F0DB3A /* fastFiles */ = {
			isa = PBXNativeTarget;
			buildConfigurationList = 3ADE02711E5B6F2C00F0DB3A /* Build configuration list for PBXNativeTarget "fastFiles" */;
			buildPhases = (
				A90B7BF9FACB6903F24D19C5 /* [CP] Check Pods Manifest.lock */,
				3ADE025B1E5B6F2C00F0DB3A /* Sources */,
				3ADE025C1E5B6F2C00F0DB3A /* Frameworks */,
				3ADE025D1E5B6F2C00F0DB3A /* Resources */,
				452F941924B6B62C0706C3C2 /* [CP] Embed Pods Frameworks */,
				BF3D14FAA9DDE8EECCAFB6F3 /* [CP] Copy Pods Resources */,
				3A99A2AE1E624CEE001136AB /* Embed App Extensions */,
				3AF911D91E7F1992002822F4 /* Embed Frameworks */,
			);
			buildRules = (
			);
			dependencies = (
				3A7203711E62521B00225ADE /* PBXTargetDependency */,
				3A7203741E62521B00225ADE /* PBXTargetDependency */,
				3A4A34191E7DBC8C0015CB97 /* PBXTargetDependency */,
				3AA166FB1E7EB5010080D35A /* PBXTargetDependency */,
			);
			name = fastFiles;
			productName = fastFiles;
			productReference = 3ADE025F1E5B6F2C00F0DB3A /* fastFiles.app */;
			productType = "com.apple.product-type.application";
		};
/* End PBXNativeTarget section */

/* Begin PBXProject section */
		3ADE02571E5B6F2C00F0DB3A /* Project object */ = {
			isa = PBXProject;
			attributes = {
				LastSwiftUpdateCheck = 0830;
				LastUpgradeCheck = 0820;
				ORGANIZATIONNAME = Adrian;
				TargetAttributes = {
					3A4A340D1E7DBC8C0015CB97 = {
						CreatedOnToolsVersion = 8.3;
						DevelopmentTeam = Y96PL6G497;
						LastSwiftMigration = 0830;
						ProvisioningStyle = Automatic;
						SystemCapabilities = {
							com.apple.ApplicationGroups.iOS = {
								enabled = 1;
							};
							com.apple.iCloud = {
								enabled = 1;
							};
						};
					};
					3A72035A1E62521A00225ADE = {
						CreatedOnToolsVersion = 8.2.1;
						DevelopmentTeam = Y96PL6G497;
						LastSwiftMigration = 0830;
						ProvisioningStyle = Automatic;
						SystemCapabilities = {
							com.apple.ApplicationGroups.iOS = {
								enabled = 1;
							};
						};
					};
					3A7203681E62521B00225ADE = {
						CreatedOnToolsVersion = 8.2.1;
						DevelopmentTeam = Y96PL6G497;
						LastSwiftMigration = 0830;
						ProvisioningStyle = Automatic;
						SystemCapabilities = {
							com.apple.ApplicationGroups.iOS = {
								enabled = 1;
							};
						};
					};
					3AA166F41E7EB5010080D35A = {
						CreatedOnToolsVersion = 8.3;
						DevelopmentTeam = Y96PL6G497;
						LastSwiftMigration = 0830;
						ProvisioningStyle = Automatic;
						SystemCapabilities = {
							com.apple.ApplicationGroups.iOS = {
								enabled = 1;
							};
							com.apple.iCloud = {
								enabled = 1;
							};
						};
					};
					3ADE025E1E5B6F2C00F0DB3A = {
						CreatedOnToolsVersion = 8.2.1;
						DevelopmentTeam = Y96PL6G497;
						LastSwiftMigration = 0830;
						ProvisioningStyle = Automatic;
						SystemCapabilities = {
							com.apple.ApplicationGroups.iOS = {
								enabled = 1;
							};
							com.apple.BackgroundModes = {
								enabled = 1;
							};
							com.apple.Push = {
								enabled = 0;
							};
							com.apple.iCloud = {
								enabled = 1;
							};
						};
					};
				};
			};
			buildConfigurationList = 3ADE025A1E5B6F2C00F0DB3A /* Build configuration list for PBXProject "fastFiles" */;
			compatibilityVersion = "Xcode 3.2";
			developmentRegion = English;
			hasScannedForEncodings = 0;
			knownRegions = (
				en,
				Base,
			);
			mainGroup = 3ADE02561E5B6F2C00F0DB3A;
			productRefGroup = 3ADE02601E5B6F2C00F0DB3A /* Products */;
			projectDirPath = "";
			projectRoot = "";
			targets = (
				3ADE025E1E5B6F2C00F0DB3A /* fastFiles */,
				3A72035A1E62521A00225ADE /* fastFiles documents */,
				3A7203681E62521B00225ADE /* fastFiles documentsFileProvider */,
				3A4A340D1E7DBC8C0015CB97 /* Files */,
				3AA166F41E7EB5010080D35A /* fastFiles search */,
			);
		};
/* End PBXProject section */

/* Begin PBXResourcesBuildPhase section */
		3A4A340C1E7DBC8C0015CB97 /* Resources */ = {
			isa = PBXResourcesBuildPhase;
			buildActionMask = 2147483647;
			files = (
				3A4A34261E7DF9FD0015CB97 /* Icons.xcassets in Resources */,
				3A4A34161E7DBC8C0015CB97 /* MainInterface.storyboard in Resources */,
			);
			runOnlyForDeploymentPostprocessing = 0;
		};
		3A7203591E62521A00225ADE /* Resources */ = {
			isa = PBXResourcesBuildPhase;
			buildActionMask = 2147483647;
			files = (
				3AF361AD1E63361C000C735C /* Icons.xcassets in Resources */,
				3A7203631E62521B00225ADE /* MainInterface.storyboard in Resources */,
			);
			runOnlyForDeploymentPostprocessing = 0;
		};
		3A7203671E62521B00225ADE /* Resources */ = {
			isa = PBXResourcesBuildPhase;
			buildActionMask = 2147483647;
			files = (
			);
			runOnlyForDeploymentPostprocessing = 0;
		};
		3AA166F31E7EB5010080D35A /* Resources */ = {
			isa = PBXResourcesBuildPhase;
			buildActionMask = 2147483647;
			files = (
				3AA167021E7EB73D0080D35A /* icons.xcassets in Resources */,
			);
			runOnlyForDeploymentPostprocessing = 0;
		};
		3ADE025D1E5B6F2C00F0DB3A /* Resources */ = {
			isa = PBXResourcesBuildPhase;
			buildActionMask = 2147483647;
			files = (
				3A3FAC8C1E5E3007004075C1 /* Silence.mp3 in Resources */,
				3AE129EC1E77514500ADCE6A /* Licenses in Resources */,
				3AF7A60C1E64A0AE00921ACD /* Rewind.png in Resources */,
				3ADE026D1E5B6F2C00F0DB3A /* LaunchScreen.storyboard in Resources */,
				3AF7A6021E649AA800921ACD /* line.png in Resources */,
				3AA0F7F51E6AFF7700F5E13B /* Instructions in Resources */,
				3ADE026A1E5B6F2C00F0DB3A /* Assets.xcassets in Resources */,
				3A8CBBB71E6B0B6B00DFEAAE /* iTunesArtwork.png in Resources */,
				3AF7A6091E64A0AE00921ACD /* FF.png in Resources */,
				3AF7A60B1E64A0AE00921ACD /* Pause.png in Resources */,
				3A683BC41E7DAE6E0020CFB7 /* icon.png in Resources */,
				3ADE02681E5B6F2C00F0DB3A /* Main.storyboard in Resources */,
				3A3FACAC1E5F5F34004075C1 /* zip.png in Resources */,
				3A9437D41E5DC26E00202F1D /* MissingArtworkMusic.png in Resources */,
				3AF7A60A1E64A0AE00921ACD /* Play.png in Resources */,
				3A3FAC8E1E5F175D004075C1 /* paste.png in Resources */,
				3AA0F7EF1E6A292E00F5E13B /* GoogleService-Info.plist in Resources */,
			);
			runOnlyForDeploymentPostprocessing = 0;
		};
/* End PBXResourcesBuildPhase section */

/* Begin PBXShellScriptBuildPhase section */
		452F941924B6B62C0706C3C2 /* [CP] Embed Pods Frameworks */ = {
			isa = PBXShellScriptBuildPhase;
			buildActionMask = 2147483647;
			files = (
			);
			inputPaths = (
			);
			name = "[CP] Embed Pods Frameworks";
			outputPaths = (
			);
			runOnlyForDeploymentPostprocessing = 0;
			shellPath = /bin/sh;
			shellScript = "\"${SRCROOT}/Pods/Target Support Files/Pods-fastFiles/Pods-fastFiles-frameworks.sh\"\n";
			showEnvVarsInLog = 0;
		};
		54CF4116DE9AEB3F9A133A70 /* [CP] Copy Pods Resources */ = {
			isa = PBXShellScriptBuildPhase;
			buildActionMask = 2147483647;
			files = (
			);
			inputPaths = (
			);
			name = "[CP] Copy Pods Resources";
			outputPaths = (
			);
			runOnlyForDeploymentPostprocessing = 0;
			shellPath = /bin/sh;
			shellScript = "\"${SRCROOT}/Pods/Target Support Files/Pods-fastFiles documents/Pods-fastFiles documents-resources.sh\"\n";
			showEnvVarsInLog = 0;
		};
		7D26C54758F22027FF30BCF8 /* [CP] Copy Pods Resources */ = {
			isa = PBXShellScriptBuildPhase;
			buildActionMask = 2147483647;
			files = (
			);
			inputPaths = (
			);
			name = "[CP] Copy Pods Resources";
			outputPaths = (
			);
			runOnlyForDeploymentPostprocessing = 0;
			shellPath = /bin/sh;
			shellScript = "\"${SRCROOT}/Pods/Target Support Files/Pods-fastFiles documentsFileProvider/Pods-fastFiles documentsFileProvider-resources.sh\"\n";
			showEnvVarsInLog = 0;
		};
		A90B7BF9FACB6903F24D19C5 /* [CP] Check Pods Manifest.lock */ = {
			isa = PBXShellScriptBuildPhase;
			buildActionMask = 2147483647;
			files = (
			);
			inputPaths = (
			);
			name = "[CP] Check Pods Manifest.lock";
			outputPaths = (
			);
			runOnlyForDeploymentPostprocessing = 0;
			shellPath = /bin/sh;
			shellScript = "diff \"${PODS_ROOT}/../Podfile.lock\" \"${PODS_ROOT}/Manifest.lock\" > /dev/null\nif [ $? != 0 ] ; then\n    # print error to STDERR\n    echo \"error: The sandbox is not in sync with the Podfile.lock. Run 'pod install' or update your CocoaPods installation.\" >&2\n    exit 1\nfi\n";
			showEnvVarsInLog = 0;
		};
		BF3D14FAA9DDE8EECCAFB6F3 /* [CP] Copy Pods Resources */ = {
			isa = PBXShellScriptBuildPhase;
			buildActionMask = 2147483647;
			files = (
			);
			inputPaths = (
			);
			name = "[CP] Copy Pods Resources";
			outputPaths = (
			);
			runOnlyForDeploymentPostprocessing = 0;
			shellPath = /bin/sh;
			shellScript = "\"${SRCROOT}/Pods/Target Support Files/Pods-fastFiles/Pods-fastFiles-resources.sh\"\n";
			showEnvVarsInLog = 0;
		};
		E08A509F4215606D423742B3 /* [CP] Check Pods Manifest.lock */ = {
			isa = PBXShellScriptBuildPhase;
			buildActionMask = 2147483647;
			files = (
			);
			inputPaths = (
			);
			name = "[CP] Check Pods Manifest.lock";
			outputPaths = (
			);
			runOnlyForDeploymentPostprocessing = 0;
			shellPath = /bin/sh;
			shellScript = "diff \"${PODS_ROOT}/../Podfile.lock\" \"${PODS_ROOT}/Manifest.lock\" > /dev/null\nif [ $? != 0 ] ; then\n    # print error to STDERR\n    echo \"error: The sandbox is not in sync with the Podfile.lock. Run 'pod install' or update your CocoaPods installation.\" >&2\n    exit 1\nfi\n";
			showEnvVarsInLog = 0;
		};
		F173460120E7A05A3532262B /* [CP] Check Pods Manifest.lock */ = {
			isa = PBXShellScriptBuildPhase;
			buildActionMask = 2147483647;
			files = (
			);
			inputPaths = (
			);
			name = "[CP] Check Pods Manifest.lock";
			outputPaths = (
			);
			runOnlyForDeploymentPostprocessing = 0;
			shellPath = /bin/sh;
			shellScript = "diff \"${PODS_ROOT}/../Podfile.lock\" \"${PODS_ROOT}/Manifest.lock\" > /dev/null\nif [ $? != 0 ] ; then\n    # print error to STDERR\n    echo \"error: The sandbox is not in sync with the Podfile.lock. Run 'pod install' or update your CocoaPods installation.\" >&2\n    exit 1\nfi\n";
			showEnvVarsInLog = 0;
		};
/* End PBXShellScriptBuildPhase section */

/* Begin PBXSourcesBuildPhase section */
		3A4A340A1E7DBC8C0015CB97 /* Sources */ = {
			isa = PBXSourcesBuildPhase;
			buildActionMask = 2147483647;
			files = (
				3A4A34221E7DC08B0015CB97 /* tableViewDataSource.swift in Sources */,
				3A4A34131E7DBC8C0015CB97 /* TodayViewController.swift in Sources */,
				3AA167081E7EE1DF0080D35A /* urlScheme.swift in Sources */,
				3A4A34231E7DC08B0015CB97 /* tableViewDelegate.swift in Sources */,
			);
			runOnlyForDeploymentPostprocessing = 0;
		};
		3A7203571E62521A00225ADE /* Sources */ = {
			isa = PBXSourcesBuildPhase;
			buildActionMask = 2147483647;
			files = (
				3AF361A01E630757000C735C /* tableViewDataSource.swift in Sources */,
				3A7203601E62521B00225ADE /* DocumentPickerViewController.swift in Sources */,
				3AF361A21E63083E000C735C /* tableViewDelegate.swift in Sources */,
			);
			runOnlyForDeploymentPostprocessing = 0;
		};
		3A7203651E62521B00225ADE /* Sources */ = {
			isa = PBXSourcesBuildPhase;
			buildActionMask = 2147483647;
			files = (
				3A72036E1E62521B00225ADE /* FileProvider.swift in Sources */,
			);
			runOnlyForDeploymentPostprocessing = 0;
		};
		3AA166F11E7EB5010080D35A /* Sources */ = {
			isa = PBXSourcesBuildPhase;
			buildActionMask = 2147483647;
			files = (
				3AA166F81E7EB5010080D35A /* IndexRequestHandler.swift in Sources */,
			);
			runOnlyForDeploymentPostprocessing = 0;
		};
		3ADE025B1E5B6F2C00F0DB3A /* Sources */ = {
			isa = PBXSourcesBuildPhase;
			buildActionMask = 2147483647;
			files = (
				3A7B43911E5B7D56006814FA /* BrowserTableViewController.swift in Sources */,
				3AF361E41E636040000C735C /* prepareForSegue (BrowserTableViewController).swift in Sources */,
				3ADE02771E5B76AD00F0DB3A /* Model.swift in Sources */,
				3AF361C91E6355B5000C735C /* ScrollViewDelegate.swift in Sources */,
				3AF361A41E630FA1000C735C /* App.swift in Sources */,
				3AF7A6101E64C1EB00921ACD /* openFromURL.swift in Sources */,
				3AF361E71E639052000C735C /* ScrollViewDelegate (PDFViewController).swift in Sources */,
				3AF361B61E634C5B000C735C /* prepareForSegue (ViewController).swift in Sources */,
				3AF361B81E634CBC000C735C /* viewDidLoad (ViewController).swift in Sources */,
				3AF361BF1E634E01000C735C /* DocumentPickerDelegate.swift in Sources */,
				3AF361B11E634AA6000C735C /* Functions.swift in Sources */,
				3AF361BA1E634D03000C735C /* setNavBarStyle.swift in Sources */,
				3A780FEF1E76135B00145A57 /* SyntaxHighlighting.swift in Sources */,
				3AF361DE1E635AE3000C735C /* Controls.swift in Sources */,
				3AF361EF1E639237000C735C /* prepareForSegue (DownloadViewController).swift in Sources */,
				3AF911DB1E7F2382002822F4 /* SettingsStaticTableViewController.swift in Sources */,
				3AF361DC1E6359F5000C735C /* ViewDid (MusicViewController).swift in Sources */,
				3AF361E01E635D72000C735C /* getAudioInfo.swift in Sources */,
				3A7B43951E5BA8B4006814FA /* ImageViewController.swift in Sources */,
				3A36E42A1E7D570D00D77993 /* iCloud (PDFViewController) .swift in Sources */,
				3A23ECA91E5C963600186360 /* DownloadViewController.swift in Sources */,
				3AF361CB1E635617000C735C /* viewDidLoad (ImageViewController).swift in Sources */,
				3AF911E01E7F253A002822F4 /* UI (SettingsStaticTableViewController).swift in Sources */,
				3AF361D71E6358B9000C735C /* WebViewDelegate.swift in Sources */,
				3AA167061E7EDF6C0080D35A /* 3DTouch.swift in Sources */,
				3ADE02651E5B6F2C00F0DB3A /* ViewController.swift in Sources */,
				3AF361D21E63579C000C735C /* displayText.swift in Sources */,
				3ACDC8BE1E6CC069007CBE9F /* UITextFieldDelegate.swift in Sources */,
				3AF361BC1E634D5E000C735C /* getDeviceInfo.swift in Sources */,
				3AF361D91E635942000C735C /* viewDidLoad (HTMLViewController).swift in Sources */,
				3AF361CD1E635685000C735C /* displayImage.swift in Sources */,
				3AA0F7F11E6A2A6700F5E13B /* Ad (BrowserTableViewController).swift in Sources */,
				3AF911E21E7F2C4F002822F4 /* touchID.swift in Sources */,
				3AF7A60E1E64ACB000921ACD /* applicationOpenURL.swift in Sources */,
				3A99A2861E60F3E3001136AB /* PDFViewController.swift in Sources */,
				3AF361E21E635F60000C735C /* Other functions (MusicViewController).swift in Sources */,
				3ADE02631E5B6F2C00F0DB3A /* AppDelegate.swift in Sources */,
				3AF361D01E63574E000C735C /* viewDid (TextViewController).swift in Sources */,
				3AF911DE1E7F2447002822F4 /* prepareForSegue (SettingsStaticTableviewController).swift in Sources */,
				3A3FAC8A1E5DCA06004075C1 /* MusicViewController.swift in Sources */,
				3AF361E91E63909B000C735C /* viewDid (PDFViewController).swift in Sources */,
				3AA167041E7EBBB20080D35A /* Spotlight.swift in Sources */,
				3AA9F55E1E7479B200A0EA14 /* iCloudSync.swift in Sources */,
				3AA56A7D1E5BBFE40076317A /* TextViewController.swift in Sources */,
				3AF361D41E63582E000C735C /* prepareForSegue (TextViewController).swift in Sources */,
				3AF361C41E635271000C735C /* ViewDid (BrowserTableViewController).swift in Sources */,
				3AA1670A1E7EFFF20080D35A /* CodeToolBar.swift in Sources */,
				3AF361B31E634BE4000C735C /* moveToPublic.swift in Sources */,
				3AF361C21E634E62000C735C /* UI.swift in Sources */,
				3AF361C61E63545F000C735C /* Other functions.swift in Sources */,
				3AF361ED1E639160000C735C /* viewDidLoad (DownloadViewController).swift in Sources */,
				3A9437D21E5CFB0000202F1D /* HTMLViewController.swift in Sources */,
			);
			runOnlyForDeploymentPostprocessing = 0;
		};
/* End PBXSourcesBuildPhase section */

/* Begin PBXTargetDependency section */
		3A4A34191E7DBC8C0015CB97 /* PBXTargetDependency */ = {
			isa = PBXTargetDependency;
			target = 3A4A340D1E7DBC8C0015CB97 /* Files */;
			targetProxy = 3A4A34181E7DBC8C0015CB97 /* PBXContainerItemProxy */;
		};
		3A7203711E62521B00225ADE /* PBXTargetDependency */ = {
			isa = PBXTargetDependency;
			target = 3A7203681E62521B00225ADE /* fastFiles documentsFileProvider */;
			targetProxy = 3A7203701E62521B00225ADE /* PBXContainerItemProxy */;
		};
		3A7203741E62521B00225ADE /* PBXTargetDependency */ = {
			isa = PBXTargetDependency;
			target = 3A72035A1E62521A00225ADE /* fastFiles documents */;
			targetProxy = 3A7203731E62521B00225ADE /* PBXContainerItemProxy */;
		};
		3AA166FB1E7EB5010080D35A /* PBXTargetDependency */ = {
			isa = PBXTargetDependency;
			target = 3AA166F41E7EB5010080D35A /* fastFiles search */;
			targetProxy = 3AA166FA1E7EB5010080D35A /* PBXContainerItemProxy */;
		};
/* End PBXTargetDependency section */

/* Begin PBXVariantGroup section */
		3A4A34141E7DBC8C0015CB97 /* MainInterface.storyboard */ = {
			isa = PBXVariantGroup;
			children = (
				3A4A34151E7DBC8C0015CB97 /* Base */,
			);
			name = MainInterface.storyboard;
			sourceTree = "<group>";
		};
		3A7203611E62521B00225ADE /* MainInterface.storyboard */ = {
			isa = PBXVariantGroup;
			children = (
				3A7203621E62521B00225ADE /* Base */,
			);
			name = MainInterface.storyboard;
			sourceTree = "<group>";
		};
		3ADE02661E5B6F2C00F0DB3A /* Main.storyboard */ = {
			isa = PBXVariantGroup;
			children = (
				3ADE02671E5B6F2C00F0DB3A /* Base */,
			);
			name = Main.storyboard;
			sourceTree = "<group>";
		};
		3ADE026B1E5B6F2C00F0DB3A /* LaunchScreen.storyboard */ = {
			isa = PBXVariantGroup;
			children = (
				3ADE026C1E5B6F2C00F0DB3A /* Base */,
			);
			name = LaunchScreen.storyboard;
			sourceTree = "<group>";
		};
/* End PBXVariantGroup section */

/* Begin XCBuildConfiguration section */
		3A4A341B1E7DBC8C0015CB97 /* Debug */ = {
			isa = XCBuildConfiguration;
			buildSettings = {
				CLANG_ANALYZER_NUMBER_OBJECT_CONVERSION = YES_AGGRESSIVE;
				CODE_SIGN_ENTITLEMENTS = Files/Files.entitlements;
				CODE_SIGN_IDENTITY = "iPhone Developer";
				DEVELOPMENT_TEAM = Y96PL6G497;
				INFOPLIST_FILE = Files/Info.plist;
				IPHONEOS_DEPLOYMENT_TARGET = 10.2;
				LD_RUNPATH_SEARCH_PATHS = "$(inherited) @executable_path/Frameworks @executable_path/../../Frameworks";
				PRODUCT_BUNDLE_IDENTIFIER = ch.marcela.ada.fastFiles.Files;
				PRODUCT_NAME = "$(TARGET_NAME)";
				SKIP_INSTALL = YES;
				SWIFT_VERSION = 3.0;
			};
			name = Debug;
		};
		3A4A341C1E7DBC8C0015CB97 /* Release */ = {
			isa = XCBuildConfiguration;
			buildSettings = {
				CLANG_ANALYZER_NUMBER_OBJECT_CONVERSION = YES_AGGRESSIVE;
				CODE_SIGN_ENTITLEMENTS = Files/Files.entitlements;
				CODE_SIGN_IDENTITY = "iPhone Developer";
				DEVELOPMENT_TEAM = Y96PL6G497;
				INFOPLIST_FILE = Files/Info.plist;
				IPHONEOS_DEPLOYMENT_TARGET = 10.2;
				LD_RUNPATH_SEARCH_PATHS = "$(inherited) @executable_path/Frameworks @executable_path/../../Frameworks";
				PRODUCT_BUNDLE_IDENTIFIER = ch.marcela.ada.fastFiles.Files;
				PRODUCT_NAME = "$(TARGET_NAME)";
				SKIP_INSTALL = YES;
				SWIFT_VERSION = 3.0;
			};
			name = Release;
		};
		3A7203771E62521B00225ADE /* Debug */ = {
			isa = XCBuildConfiguration;
			baseConfigurationReference = 4AFA2D560D30D55E97D48CE1 /* Pods-fastFiles documentsFileProvider.debug.xcconfig */;
			buildSettings = {
				CODE_SIGN_ENTITLEMENTS = "fastFiles documentsFileProvider/fastFiles documentsFileProvider.entitlements";
				CODE_SIGN_IDENTITY = "iPhone Developer";
				DEVELOPMENT_TEAM = Y96PL6G497;
				INFOPLIST_FILE = "fastFiles documentsFileProvider/Info.plist";
				LD_RUNPATH_SEARCH_PATHS = "$(inherited) @executable_path/Frameworks @executable_path/../../Frameworks";
				PRODUCT_BUNDLE_IDENTIFIER = "ch.marcela.ada.fastFiles.fastFiles-documentsFileProvider";
				PRODUCT_NAME = "$(TARGET_NAME)";
				SKIP_INSTALL = YES;
				SWIFT_VERSION = 3.0;
			};
			name = Debug;
		};
		3A7203781E62521B00225ADE /* Release */ = {
			isa = XCBuildConfiguration;
			baseConfigurationReference = 91542B4EF2015C677B30D498 /* Pods-fastFiles documentsFileProvider.release.xcconfig */;
			buildSettings = {
				CODE_SIGN_ENTITLEMENTS = "fastFiles documentsFileProvider/fastFiles documentsFileProvider.entitlements";
				CODE_SIGN_IDENTITY = "iPhone Developer";
				DEVELOPMENT_TEAM = Y96PL6G497;
				INFOPLIST_FILE = "fastFiles documentsFileProvider/Info.plist";
				LD_RUNPATH_SEARCH_PATHS = "$(inherited) @executable_path/Frameworks @executable_path/../../Frameworks";
				PRODUCT_BUNDLE_IDENTIFIER = "ch.marcela.ada.fastFiles.fastFiles-documentsFileProvider";
				PRODUCT_NAME = "$(TARGET_NAME)";
				SKIP_INSTALL = YES;
				SWIFT_VERSION = 3.0;
			};
			name = Release;
		};
		3A72037A1E62521B00225ADE /* Debug */ = {
			isa = XCBuildConfiguration;
			baseConfigurationReference = 4DAF13FF63623E043A09D594 /* Pods-fastFiles documents.debug.xcconfig */;
			buildSettings = {
				CODE_SIGN_ENTITLEMENTS = "fastFiles documents/fastFiles documents.entitlements";
				CODE_SIGN_IDENTITY = "iPhone Developer";
				DEVELOPMENT_TEAM = Y96PL6G497;
				INFOPLIST_FILE = "fastFiles documents/Info.plist";
				LD_RUNPATH_SEARCH_PATHS = "$(inherited) @executable_path/Frameworks @executable_path/../../Frameworks";
				PRODUCT_BUNDLE_IDENTIFIER = "ch.marcela.ada.fastFiles.fastFiles-documents";
				PRODUCT_NAME = "$(TARGET_NAME)";
				SKIP_INSTALL = YES;
				SWIFT_VERSION = 3.0;
			};
			name = Debug;
		};
		3A72037B1E62521B00225ADE /* Release */ = {
			isa = XCBuildConfiguration;
			baseConfigurationReference = 43327105A953A6358F366B6B /* Pods-fastFiles documents.release.xcconfig */;
			buildSettings = {
				CODE_SIGN_ENTITLEMENTS = "fastFiles documents/fastFiles documents.entitlements";
				CODE_SIGN_IDENTITY = "iPhone Developer";
				DEVELOPMENT_TEAM = Y96PL6G497;
				INFOPLIST_FILE = "fastFiles documents/Info.plist";
				LD_RUNPATH_SEARCH_PATHS = "$(inherited) @executable_path/Frameworks @executable_path/../../Frameworks";
				PRODUCT_BUNDLE_IDENTIFIER = "ch.marcela.ada.fastFiles.fastFiles-documents";
				PRODUCT_NAME = "$(TARGET_NAME)";
				SKIP_INSTALL = YES;
				SWIFT_VERSION = 3.0;
			};
			name = Release;
		};
		3AA166FD1E7EB5010080D35A /* Debug */ = {
			isa = XCBuildConfiguration;
			buildSettings = {
				CLANG_ANALYZER_NUMBER_OBJECT_CONVERSION = YES_AGGRESSIVE;
				CODE_SIGN_ENTITLEMENTS = "fastFiles search/fastFiles search.entitlements";
				CODE_SIGN_IDENTITY = "iPhone Developer";
				DEVELOPMENT_TEAM = Y96PL6G497;
				INFOPLIST_FILE = "fastFiles search/Info.plist";
				IPHONEOS_DEPLOYMENT_TARGET = 10.2;
				LD_RUNPATH_SEARCH_PATHS = "$(inherited) @executable_path/Frameworks @executable_path/../../Frameworks";
				PRODUCT_BUNDLE_IDENTIFIER = "ch.marcela.ada.fastFiles.fastFiles-search";
				PRODUCT_NAME = "$(TARGET_NAME)";
				SKIP_INSTALL = YES;
				SWIFT_VERSION = 3.0;
			};
			name = Debug;
		};
		3AA166FE1E7EB5010080D35A /* Release */ = {
			isa = XCBuildConfiguration;
			buildSettings = {
				CLANG_ANALYZER_NUMBER_OBJECT_CONVERSION = YES_AGGRESSIVE;
				CODE_SIGN_ENTITLEMENTS = "fastFiles search/fastFiles search.entitlements";
				CODE_SIGN_IDENTITY = "iPhone Developer";
				DEVELOPMENT_TEAM = Y96PL6G497;
				INFOPLIST_FILE = "fastFiles search/Info.plist";
				IPHONEOS_DEPLOYMENT_TARGET = 10.2;
				LD_RUNPATH_SEARCH_PATHS = "$(inherited) @executable_path/Frameworks @executable_path/../../Frameworks";
				PRODUCT_BUNDLE_IDENTIFIER = "ch.marcela.ada.fastFiles.fastFiles-search";
				PRODUCT_NAME = "$(TARGET_NAME)";
				SKIP_INSTALL = YES;
				SWIFT_VERSION = 3.0;
			};
			name = Release;
		};
		3ADE026F1E5B6F2C00F0DB3A /* Debug */ = {
			isa = XCBuildConfiguration;
			buildSettings = {
				ALWAYS_SEARCH_USER_PATHS = NO;
				CLANG_ANALYZER_NONNULL = YES;
				CLANG_CXX_LANGUAGE_STANDARD = "gnu++0x";
				CLANG_CXX_LIBRARY = "libc++";
				CLANG_ENABLE_MODULES = YES;
				CLANG_ENABLE_OBJC_ARC = YES;
				CLANG_WARN_BOOL_CONVERSION = YES;
				CLANG_WARN_CONSTANT_CONVERSION = YES;
				CLANG_WARN_DIRECT_OBJC_ISA_USAGE = YES_ERROR;
				CLANG_WARN_DOCUMENTATION_COMMENTS = YES;
				CLANG_WARN_EMPTY_BODY = YES;
				CLANG_WARN_ENUM_CONVERSION = YES;
				CLANG_WARN_INFINITE_RECURSION = YES;
				CLANG_WARN_INT_CONVERSION = YES;
				CLANG_WARN_OBJC_ROOT_CLASS = YES_ERROR;
				CLANG_WARN_SUSPICIOUS_MOVE = YES;
				CLANG_WARN_UNREACHABLE_CODE = YES;
				CLANG_WARN__DUPLICATE_METHOD_MATCH = YES;
				"CODE_SIGN_IDENTITY[sdk=iphoneos*]" = "iPhone Developer";
				COPY_PHASE_STRIP = NO;
				DEBUG_INFORMATION_FORMAT = dwarf;
				ENABLE_STRICT_OBJC_MSGSEND = YES;
				ENABLE_TESTABILITY = YES;
				GCC_C_LANGUAGE_STANDARD = gnu99;
				GCC_DYNAMIC_NO_PIC = NO;
				GCC_NO_COMMON_BLOCKS = YES;
				GCC_OPTIMIZATION_LEVEL = 0;
				GCC_PREPROCESSOR_DEFINITIONS = (
					"DEBUG=1",
					"$(inherited)",
				);
				GCC_WARN_64_TO_32_BIT_CONVERSION = YES;
				GCC_WARN_ABOUT_RETURN_TYPE = YES_ERROR;
				GCC_WARN_UNDECLARED_SELECTOR = YES;
				GCC_WARN_UNINITIALIZED_AUTOS = YES_AGGRESSIVE;
				GCC_WARN_UNUSED_FUNCTION = YES;
				GCC_WARN_UNUSED_VARIABLE = YES;
				IPHONEOS_DEPLOYMENT_TARGET = 10.2;
				MTL_ENABLE_DEBUG_INFO = YES;
				ONLY_ACTIVE_ARCH = YES;
				SDKROOT = iphoneos;
				SWIFT_ACTIVE_COMPILATION_CONDITIONS = DEBUG;
				SWIFT_OPTIMIZATION_LEVEL = "-Onone";
				TARGETED_DEVICE_FAMILY = "1,2";
			};
			name = Debug;
		};
		3ADE02701E5B6F2C00F0DB3A /* Release */ = {
			isa = XCBuildConfiguration;
			buildSettings = {
				ALWAYS_SEARCH_USER_PATHS = NO;
				CLANG_ANALYZER_NONNULL = YES;
				CLANG_CXX_LANGUAGE_STANDARD = "gnu++0x";
				CLANG_CXX_LIBRARY = "libc++";
				CLANG_ENABLE_MODULES = YES;
				CLANG_ENABLE_OBJC_ARC = YES;
				CLANG_WARN_BOOL_CONVERSION = YES;
				CLANG_WARN_CONSTANT_CONVERSION = YES;
				CLANG_WARN_DIRECT_OBJC_ISA_USAGE = YES_ERROR;
				CLANG_WARN_DOCUMENTATION_COMMENTS = YES;
				CLANG_WARN_EMPTY_BODY = YES;
				CLANG_WARN_ENUM_CONVERSION = YES;
				CLANG_WARN_INFINITE_RECURSION = YES;
				CLANG_WARN_INT_CONVERSION = YES;
				CLANG_WARN_OBJC_ROOT_CLASS = YES_ERROR;
				CLANG_WARN_SUSPICIOUS_MOVE = YES;
				CLANG_WARN_UNREACHABLE_CODE = YES;
				CLANG_WARN__DUPLICATE_METHOD_MATCH = YES;
				"CODE_SIGN_IDENTITY[sdk=iphoneos*]" = "iPhone Developer";
				COPY_PHASE_STRIP = NO;
				DEBUG_INFORMATION_FORMAT = "dwarf-with-dsym";
				ENABLE_NS_ASSERTIONS = NO;
				ENABLE_STRICT_OBJC_MSGSEND = YES;
				GCC_C_LANGUAGE_STANDARD = gnu99;
				GCC_NO_COMMON_BLOCKS = YES;
				GCC_WARN_64_TO_32_BIT_CONVERSION = YES;
				GCC_WARN_ABOUT_RETURN_TYPE = YES_ERROR;
				GCC_WARN_UNDECLARED_SELECTOR = YES;
				GCC_WARN_UNINITIALIZED_AUTOS = YES_AGGRESSIVE;
				GCC_WARN_UNUSED_FUNCTION = YES;
				GCC_WARN_UNUSED_VARIABLE = YES;
				IPHONEOS_DEPLOYMENT_TARGET = 10.2;
				MTL_ENABLE_DEBUG_INFO = NO;
				SDKROOT = iphoneos;
				SWIFT_OPTIMIZATION_LEVEL = "-Owholemodule";
				TARGETED_DEVICE_FAMILY = "1,2";
				VALIDATE_PRODUCT = YES;
			};
			name = Release;
		};
		3ADE02721E5B6F2C00F0DB3A /* Debug */ = {
			isa = XCBuildConfiguration;
			baseConfigurationReference = B376135F256B1692229A9121 /* Pods-fastFiles.debug.xcconfig */;
			buildSettings = {
				ALWAYS_EMBED_SWIFT_STANDARD_LIBRARIES = YES;
				ASSETCATALOG_COMPILER_APPICON_NAME = AppIcon;
				CODE_SIGN_ENTITLEMENTS = fastFiles/fastFiles.entitlements;
				CODE_SIGN_IDENTITY = "iPhone Developer";
				DEVELOPMENT_TEAM = Y96PL6G497;
				ENABLE_BITCODE = NO;
				FRAMEWORK_SEARCH_PATHS = (
					"$(inherited)",
					"$(PROJECT_DIR)/fastFiles",
				);
				INFOPLIST_FILE = fastFiles/Info.plist;
				LD_RUNPATH_SEARCH_PATHS = "$(inherited) @executable_path/Frameworks";
				PRODUCT_BUNDLE_IDENTIFIER = ch.marcela.ada.fastFiles;
				PRODUCT_NAME = "$(TARGET_NAME)";
				SWIFT_OBJC_BRIDGING_HEADER = "";
				SWIFT_VERSION = 3.0;
			};
			name = Debug;
		};
		3ADE02731E5B6F2C00F0DB3A /* Release */ = {
			isa = XCBuildConfiguration;
			baseConfigurationReference = 2F802B06B2E927B728552B5E /* Pods-fastFiles.release.xcconfig */;
			buildSettings = {
				ALWAYS_EMBED_SWIFT_STANDARD_LIBRARIES = YES;
				ASSETCATALOG_COMPILER_APPICON_NAME = AppIcon;
				CODE_SIGN_ENTITLEMENTS = fastFiles/fastFiles.entitlements;
				CODE_SIGN_IDENTITY = "iPhone Developer";
				DEVELOPMENT_TEAM = Y96PL6G497;
				ENABLE_BITCODE = NO;
				FRAMEWORK_SEARCH_PATHS = (
					"$(inherited)",
					"$(PROJECT_DIR)/fastFiles",
				);
				INFOPLIST_FILE = fastFiles/Info.plist;
				LD_RUNPATH_SEARCH_PATHS = "$(inherited) @executable_path/Frameworks";
				PRODUCT_BUNDLE_IDENTIFIER = ch.marcela.ada.fastFiles;
				PRODUCT_NAME = "$(TARGET_NAME)";
				SWIFT_OBJC_BRIDGING_HEADER = "";
				SWIFT_VERSION = 3.0;
			};
			name = Release;
		};
/* End XCBuildConfiguration section */

/* Begin XCConfigurationList section */
		3A4A341D1E7DBC8C0015CB97 /* Build configuration list for PBXNativeTarget "Files" */ = {
			isa = XCConfigurationList;
			buildConfigurations = (
				3A4A341B1E7DBC8C0015CB97 /* Debug */,
				3A4A341C1E7DBC8C0015CB97 /* Release */,
			);
			defaultConfigurationIsVisible = 0;
			defaultConfigurationName = Release;
		};
		3A7203761E62521B00225ADE /* Build configuration list for PBXNativeTarget "fastFiles documentsFileProvider" */ = {
			isa = XCConfigurationList;
			buildConfigurations = (
				3A7203771E62521B00225ADE /* Debug */,
				3A7203781E62521B00225ADE /* Release */,
			);
			defaultConfigurationIsVisible = 0;
			defaultConfigurationName = Release;
		};
		3A7203791E62521B00225ADE /* Build configuration list for PBXNativeTarget "fastFiles documents" */ = {
			isa = XCConfigurationList;
			buildConfigurations = (
				3A72037A1E62521B00225ADE /* Debug */,
				3A72037B1E62521B00225ADE /* Release */,
			);
			defaultConfigurationIsVisible = 0;
			defaultConfigurationName = Release;
		};
		3AA166FF1E7EB5010080D35A /* Build configuration list for PBXNativeTarget "fastFiles search" */ = {
			isa = XCConfigurationList;
			buildConfigurations = (
				3AA166FD1E7EB5010080D35A /* Debug */,
				3AA166FE1E7EB5010080D35A /* Release */,
			);
			defaultConfigurationIsVisible = 0;
			defaultConfigurationName = Release;
		};
		3ADE025A1E5B6F2C00F0DB3A /* Build configuration list for PBXProject "fastFiles" */ = {
			isa = XCConfigurationList;
			buildConfigurations = (
				3ADE026F1E5B6F2C00F0DB3A /* Debug */,
				3ADE02701E5B6F2C00F0DB3A /* Release */,
			);
			defaultConfigurationIsVisible = 0;
			defaultConfigurationName = Release;
		};
		3ADE02711E5B6F2C00F0DB3A /* Build configuration list for PBXNativeTarget "fastFiles" */ = {
			isa = XCConfigurationList;
			buildConfigurations = (
				3ADE02721E5B6F2C00F0DB3A /* Debug */,
				3ADE02731E5B6F2C00F0DB3A /* Release */,
			);
			defaultConfigurationIsVisible = 0;
			defaultConfigurationName = Release;
		};
/* End XCConfigurationList section */
	};
	rootObject = 3ADE02571E5B6F2C00F0DB3A /* Project object */;
}
